{
  "version": 4,
  "terraform_version": "1.0.11",
  "serial": 142,
  "lineage": "ea3cfc3a-e8af-b3e0-f5df-1131345bfe16",
  "outputs": {
    "kv_id": {
      "value": "/subscriptions/6c903494-a6a9-4bb5-80ad-a6b1816c67b3/resourceGroups/statestret-rg/providers/Microsoft.KeyVault/vaults/statestret-kv",
      "type": "string"
    },
    "tls_private_key": {
      "value": "-----BEGIN RSA PRIVATE KEY-----\nMIIJKQIBAAKCAgEAp3RzNamV0r6x1ZvSrca5t5xdURUr1rZXaoAdLp/RXwFDIcQe\nA0NPweABTnj04oyuLF7FIDwsbiTW9vtEbQ6pHxvmBubQD36SVtxfAbVeV5SvLLrM\n/m0MaJSGBw72IuTppBTmINlLAvixhV9EKc2zVg1dHWpmnuHDyeUAqdX2ViWHCj4E\nfpkcuvneHOhcp9mHbIGYjyFinZdxEXd11iKNVUkML7hIsyF1ZtESCKvEoVhOaAKu\nIRCh7SOhFXm0svFps/qrYgMkK/VnDy/X9QdlND/Rw/4b1OYi6xsqYqwb0IktTt/V\nzArXCFVOAmdhKCmOa0QOucLzbFERX7G98MIGlHiJm+j9Jd4PwM4u7/QDC+6OpS3L\nYg+l2dqvA5CmpHR6vsTBZ+G7OH58wcJEZJqHVVFCnPGbAly9ZfIiqkLJaYJgLEQq\nQhSnU7Hi9Suh9YSDX7zH5n1ZZo1+aWXccJpW+KOLOuiyNtedkqCpgFtuzGhARJN3\n/1fOsRvdp391bzweuUj7pXOG0DZ5R+Ki9mQgb5qyCl1zSbC0fQk1QSRyIK7gE5Uo\nHfmkzRWZmyUNzrZAYFvoUdmkL4BVa7lhFQHmrHyOEI8kKyHJPHTw7KYCIoGDOeF0\nNy8FjX9WfRvQH5B3HW0t7EqOFzYWtL1JyKIMNkdaup4o9pG0xYWz15r1QzsCAwEA\nAQKCAgAr1zsKg5msESzx5dfkkzCwN4ne3pIZpqeARIZfXIwuOWBgCL5q0EajVYhC\nCTzjyz0WdMFbTSW8uHxnMSWa/8mbUWyJxggW5mZdw1hEVD2c5FpwdX+R5O7oumnU\nk0Axpojc4nPVic4vuviPGH/6Cda34svMFb1EP4tI4mGoFVJm/3A5aD84/dEdyqky\nHEuVzke8SrmsT2tIIwwBLKt3IpiqCXPdUnwGGe5ourfj+USDkWEFrh30niwmr7tO\nqgx7BOVNr4ULJhNkRt1yhm4dwo/mfAbpLzAOLypZL0WLi8/EawWnrsaEoxnlHqBL\n1NEE+MxGnQzV6Ypdg2PvD9PQopuh+tR6NStCZh5tSiLFELdy197qKpVn5JVv2wrB\nOUHm3dNDC+HmKz7Lkl+BRL3SjTpzd/E3Blxpddd1t2MQ8XqTqbv38HYLMP+IlhIt\nRIbb/oRp6e+ka85/I7l/saVWeMjuz4fWbgTEj+QJ1qGGAV1hgNNlyJhuWmn/5zcA\nv/EWw3e+RuyM+ngRI24KZYv05ivXyARI04nZkAx0WKCnrSeuRUXvr5YcfLvBLTRc\nPShYeBlOvyg08q8tbiBMQ/Ris0XI7FizPEMVkoT6DRManq8eStByqCyWqIUV3+xp\nTU9vnN35iY9czhqhI6xPbDIrwop8wnLXtAjiBcTSrvMzgGDg8QKCAQEA2jniE6hb\n5Ilvpf+81fwwNfDWJH+XCTJhgKpvX4zuNWtMk94r7Umym9PtyLsmHruKQX+9Mn7t\n9spfEdWuq4mY7HekX5wODqptdl1NXYRt6TF6Vm7fysk6IPk3n3SBQVhsb9P0jl4v\n6t1h043lQgb+YRjufMXhPqMHYOb/lLGo4dTsiiDukjmeDUtCUQRr8Iqjxp0WjpTV\nUgQNO8Mytn9MkjxxuTv3X6224NieQ3mRHS8/GUAf3ZRWS2EWUI+L384KbyAXTcqd\nP3sAvSA8mZlODh6/hadaXS0jwIl+I/O6wXhlUXPXXkJuS0ogo7k1pt4uuLCRIZG/\n8wuiZEwT+4wVPQKCAQEAxHDGA3FDWDIWLyLjNm2xzkEYJw2g67G9g6p1CdBVLgyo\nbG9NyEPx1Idph9usbe9pgfrPZn4MTseOXk3+DzbnxFDElOHSKVZ8dFtDJK4gyUw4\nUh9mMdkmGC6bRfU6IChM37xRg+hiZ8X70x2BkpD4sk3hgK9yl+1KwqYWbnPSdaTv\nlsva+L2M8U0WjdqpkrKQHr3GuNYzxGJ86oZfgij3qtM+Orpn6MUTYwNkC9qjtG8N\n+gLwJMMgmGLqfOQtFLh0bLceVRluDOEoj0394Ap11AEeHOh7ds5wxcd1DOrK+i4Z\ne/LNfkhjgQ2k1S1EKYxGkOidlQ0NR/3oI7wOaKXx1wKCAQBHlZk9jYqnSxYew+cz\n4ogGCbyVOG1ZDPfC9yWVmGtDhrEWCFkse3Jlf32OzSVSC37swXRUriJtRDEvboLf\nrkFFwHFhE5Xg5bMGktCgDqLnTd2toK00nhG9Y0MFwXfs8Y6QmFyunuLlDj3a4b8E\ni7rCKyWANIEQxPXUqbHJGwYlHm2BWhAoU1IvVjKo1OR7gV779efCWbwoLUASDJQE\nHXoGtmEvvCYHcrp8w1IXHDen9SmjpM9PJiuwimaBgrUFc1ck4MgEMqSmgDjb0UlP\nsWRTaW617xHLYtVJgVCphngKou3JbFCHkQ8RD33pdwXMeTGmT/Urp93pYjWg5Pvh\nFjCZAoIBAQCNBxGBoyzgAoVercNFbhc6pgz67JPc4ivWfOetdf3RI5E+1+GVpwHU\nvKqMuK7f9gNfJ3sCb/fSDv4swf1lWtulWv7mjADfYJHUzzgy+zfajHfarWQm4Wix\n77PV06o5L/WQopg7BPiw27hg5kwBt0Z0a+k7A7pXTCph9+8euNQdVZ4UOqIn9Z1c\nFyXcDWG0SbGiAEjMpitgD/zyOioTPeogn6uLagvzVpkGeoa24+6nORtlo/pXyiZ6\ngHkr1Hxw5cPf0M9b9PfHE1aVGz7qO1hALdU6l8UblDXuJ7Xm4iF63uG41KWmxb16\nBxuRWAAZe/WlTvri6Q3h421nSjll88zdAoIBAQCMI2bN1u6Ms3nNpPOr7uFtAtsD\nqOkgi/ZyAPGGi/sS96i+H9AqubmALs+ATPtQb6Aa/Leq10/D4wUYVP6n1AUz06f/\nv760+9WqofvpBeXR32/7UACb0ztdcBWkGrVoIhofzBb5DeFPsNNfJbzjlTU2NdpR\nR3jI6aBwIB++0i4CbHjrvPVNcQOFnFh0+6G8K8ffnsgYjBnmkfh5l4hZrLKaQZnV\nSbj+159v/lHKEvqbSusB6i+li4HZsUjptCvgd7iDPt3Vtkw94EuM6m5lkYoiOLCE\nEaz57Mmwx7P1svaQPgNSqV+jl8MuP/Il0dR/U0X6YAD54FVn0W0nuYqth43p\n-----END RSA PRIVATE KEY-----\n",
      "type": "string",
      "sensitive": true
    },
    "tls_public_key": {
      "value": "ssh-rsa AAAAB3NzaC1yc2EAAAADAQABAAACAQCndHM1qZXSvrHVm9Ktxrm3nF1RFSvWtldqgB0un9FfAUMhxB4DQ0/B4AFOePTijK4sXsUgPCxuJNb2+0RtDqkfG+YG5tAPfpJW3F8BtV5XlK8susz+bQxolIYHDvYi5OmkFOYg2UsC+LGFX0QpzbNWDV0damae4cPJ5QCp1fZWJYcKPgR+mRy6+d4c6Fyn2YdsgZiPIWKdl3ERd3XWIo1VSQwvuEizIXVm0RIIq8ShWE5oAq4hEKHtI6EVebSy8Wmz+qtiAyQr9WcPL9f1B2U0P9HD/hvU5iLrGypirBvQiS1O39XMCtcIVU4CZ2EoKY5rRA65wvNsURFfsb3wwgaUeImb6P0l3g/Azi7v9AML7o6lLctiD6XZ2q8DkKakdHq+xMFn4bs4fnzBwkRkmodVUUKc8ZsCXL1l8iKqQslpgmAsRCpCFKdTseL1K6H1hINfvMfmfVlmjX5pZdxwmlb4o4s66LI2152SoKmAW27MaEBEk3f/V86xG92nf3VvPB65SPulc4bQNnlH4qL2ZCBvmrIKXXNJsLR9CTVBJHIgruATlSgd+aTNFZmbJQ3OtkBgW+hR2aQvgFVruWEVAeasfI4QjyQrIck8dPDspgIigYM54XQ3LwWNf1Z9G9AfkHcdbS3sSo4XNha0vUnIogw2R1q6nij2kbTFhbPXmvVDOw==\n",
      "type": "string"
    }
  },
  "resources": [
    {
      "mode": "data",
      "type": "azurerm_client_config",
      "name": "current",
      "provider": "provider[\"registry.terraform.io/hashicorp/azurerm\"]",
      "instances": [
        {
          "schema_version": 0,
          "attributes": {
            "client_id": "04b07795-8ddb-461a-bbee-02f9e1bf7b46",
            "id": "2021-12-15 09:38:41.4379528 +0000 UTC",
            "object_id": "a363a68f-8d34-47be-b65c-b0e06569b80f",
            "subscription_id": "6c903494-a6a9-4bb5-80ad-a6b1816c67b3",
            "tenant_id": "a66d2e30-7919-43a0-8b5d-a355f1e2e08d",
            "timeouts": null
          },
          "sensitive_attributes": []
        }
      ]
    },
    {
      "mode": "data",
      "type": "azurerm_key_vault",
      "name": "keyvault",
      "provider": "provider[\"registry.terraform.io/hashicorp/azurerm\"]",
      "instances": [
        {
          "schema_version": 0,
          "attributes": {
            "access_policy": [
              {
                "application_id": "",
                "certificate_permissions": [],
                "key_permissions": [
                  "Create",
                  "Get"
                ],
                "object_id": "a363a68f-8d34-47be-b65c-b0e06569b80f",
                "secret_permissions": [
                  "Set",
                  "Get",
                  "Delete",
                  "Purge",
                  "Recover"
                ],
                "storage_permissions": [],
                "tenant_id": "a66d2e30-7919-43a0-8b5d-a355f1e2e08d"
              }
            ],
            "enabled_for_deployment": false,
            "enabled_for_disk_encryption": false,
            "enabled_for_template_deployment": false,
            "id": "/subscriptions/6c903494-a6a9-4bb5-80ad-a6b1816c67b3/resourceGroups/statestret-rg/providers/Microsoft.KeyVault/vaults/statestret-kv",
            "location": "westus",
            "name": "statestret-kv",
            "network_acls": [],
            "purge_protection_enabled": false,
            "resource_group_name": "statestret-rg",
            "sku_name": "standard",
            "soft_delete_enabled": true,
            "tags": {
              "environment": "Terraform Demo"
            },
            "tenant_id": "a66d2e30-7919-43a0-8b5d-a355f1e2e08d",
            "timeouts": null,
            "vault_uri": "https://statestret-kv.vault.azure.net/"
          },
          "sensitive_attributes": []
        }
      ]
    },
    {
      "mode": "data",
      "type": "azurerm_key_vault_secret",
      "name": "username",
      "provider": "provider[\"registry.terraform.io/hashicorp/azurerm\"]",
      "instances": [
        {
          "schema_version": 0,
          "attributes": {
            "content_type": "",
            "id": "https://statestret-kv.vault.azure.net/secrets/azureuser/f0a651c6afb840d4b9e14c73d51004fc",
            "key_vault_id": "/subscriptions/6c903494-a6a9-4bb5-80ad-a6b1816c67b3/resourceGroups/statestret-rg/providers/Microsoft.KeyVault/vaults/statestret-kv",
            "name": "azureuser",
            "tags": {},
            "timeouts": null,
            "value": "azureuser",
            "version": "f0a651c6afb840d4b9e14c73d51004fc",
            "versionless_id": "https://statestret-kv.vault.azure.net/secrets/azureuser"
          },
          "sensitive_attributes": []
        }
      ]
    },
    {
      "mode": "data",
      "type": "azurerm_key_vault_secret",
      "name": "vmsecretssh",
      "provider": "provider[\"registry.terraform.io/hashicorp/azurerm\"]",
      "instances": [
        {
          "schema_version": 0,
          "attributes": {
            "content_type": "",
            "id": "https://statestret-kv.vault.azure.net/secrets/statestret-vm01-ssh/9b70fb2ef4284affa95cd63e9dc17e08",
            "key_vault_id": "/subscriptions/6c903494-a6a9-4bb5-80ad-a6b1816c67b3/resourceGroups/statestret-rg/providers/Microsoft.KeyVault/vaults/statestret-kv",
            "name": "statestret-vm01-ssh",
            "tags": {},
            "timeouts": null,
            "value": "ssh-rsa AAAAB3NzaC1yc2EAAAADAQABAAACAQCndHM1qZXSvrHVm9Ktxrm3nF1RFSvWtldqgB0un9FfAUMhxB4DQ0/B4AFOePTijK4sXsUgPCxuJNb2+0RtDqkfG+YG5tAPfpJW3F8BtV5XlK8susz+bQxolIYHDvYi5OmkFOYg2UsC+LGFX0QpzbNWDV0damae4cPJ5QCp1fZWJYcKPgR+mRy6+d4c6Fyn2YdsgZiPIWKdl3ERd3XWIo1VSQwvuEizIXVm0RIIq8ShWE5oAq4hEKHtI6EVebSy8Wmz+qtiAyQr9WcPL9f1B2U0P9HD/hvU5iLrGypirBvQiS1O39XMCtcIVU4CZ2EoKY5rRA65wvNsURFfsb3wwgaUeImb6P0l3g/Azi7v9AML7o6lLctiD6XZ2q8DkKakdHq+xMFn4bs4fnzBwkRkmodVUUKc8ZsCXL1l8iKqQslpgmAsRCpCFKdTseL1K6H1hINfvMfmfVlmjX5pZdxwmlb4o4s66LI2152SoKmAW27MaEBEk3f/V86xG92nf3VvPB65SPulc4bQNnlH4qL2ZCBvmrIKXXNJsLR9CTVBJHIgruATlSgd+aTNFZmbJQ3OtkBgW+hR2aQvgFVruWEVAeasfI4QjyQrIck8dPDspgIigYM54XQ3LwWNf1Z9G9AfkHcdbS3sSo4XNha0vUnIogw2R1q6nij2kbTFhbPXmvVDOw==\n",
            "version": "9b70fb2ef4284affa95cd63e9dc17e08",
            "versionless_id": "https://statestret-kv.vault.azure.net/secrets/statestret-vm01-ssh"
          },
          "sensitive_attributes": []
        }
      ]
    },
    {
      "mode": "managed",
      "type": "azurerm_key_vault",
      "name": "example",
      "provider": "provider[\"registry.terraform.io/hashicorp/azurerm\"]",
      "instances": [
        {
          "schema_version": 2,
          "attributes": {
            "access_policy": [
              {
                "application_id": "",
                "certificate_permissions": [],
                "key_permissions": [
                  "Create",
                  "Get"
                ],
                "object_id": "a363a68f-8d34-47be-b65c-b0e06569b80f",
                "secret_permissions": [
                  "Set",
                  "Get",
                  "Delete",
                  "Purge",
                  "Recover"
                ],
                "storage_permissions": [],
                "tenant_id": "a66d2e30-7919-43a0-8b5d-a355f1e2e08d"
              }
            ],
            "contact": [],
            "enable_rbac_authorization": false,
            "enabled_for_deployment": false,
            "enabled_for_disk_encryption": false,
            "enabled_for_template_deployment": false,
            "id": "/subscriptions/6c903494-a6a9-4bb5-80ad-a6b1816c67b3/resourceGroups/statestret-rg/providers/Microsoft.KeyVault/vaults/statestret-kv",
            "location": "westus",
            "name": "statestret-kv",
            "network_acls": [
              {
                "bypass": "AzureServices",
                "default_action": "Allow",
                "ip_rules": [],
                "virtual_network_subnet_ids": []
              }
            ],
            "purge_protection_enabled": false,
            "resource_group_name": "statestret-rg",
            "sku_name": "standard",
            "soft_delete_enabled": true,
            "soft_delete_retention_days": 7,
            "tags": {
              "environment": "Terraform Demo"
            },
            "tenant_id": "a66d2e30-7919-43a0-8b5d-a355f1e2e08d",
            "timeouts": null,
            "vault_uri": "https://statestret-kv.vault.azure.net/"
          },
          "sensitive_attributes": [],
          "private": "eyJlMmJmYjczMC1lY2FhLTExZTYtOGY4OC0zNDM2M2JjN2M0YzAiOnsiY3JlYXRlIjoxODAwMDAwMDAwMDAwLCJkZWxldGUiOjE4MDAwMDAwMDAwMDAsInJlYWQiOjMwMDAwMDAwMDAwMCwidXBkYXRlIjoxODAwMDAwMDAwMDAwfSwic2NoZW1hX3ZlcnNpb24iOiIyIn0=",
          "dependencies": [
            "azurerm_resource_group.example",
            "data.azurerm_client_config.current"
          ]
        }
      ]
    },
    {
      "mode": "managed",
      "type": "azurerm_key_vault_secret",
      "name": "example",
      "provider": "provider[\"registry.terraform.io/hashicorp/azurerm\"]",
      "instances": [
        {
          "schema_version": 0,
          "attributes": {
            "content_type": "",
            "expiration_date": null,
            "id": "https://statestret-kv.vault.azure.net/secrets/test-secret/1b406142620a401b8ab6e23a368f48b4",
            "key_vault_id": "/subscriptions/6c903494-a6a9-4bb5-80ad-a6b1816c67b3/resourceGroups/statestret-rg/providers/Microsoft.KeyVault/vaults/statestret-kv",
            "name": "test-secret",
            "not_before_date": null,
            "tags": {},
            "timeouts": null,
            "value": "test-secret-value",
            "version": "1b406142620a401b8ab6e23a368f48b4",
            "versionless_id": "https://statestret-kv.vault.azure.net/secrets/test-secret"
          },
          "sensitive_attributes": [],
          "private": "eyJlMmJmYjczMC1lY2FhLTExZTYtOGY4OC0zNDM2M2JjN2M0YzAiOnsiY3JlYXRlIjoxODAwMDAwMDAwMDAwLCJkZWxldGUiOjE4MDAwMDAwMDAwMDAsInJlYWQiOjMwMDAwMDAwMDAwMCwidXBkYXRlIjoxODAwMDAwMDAwMDAwfX0=",
          "dependencies": [
            "azurerm_key_vault.example",
            "azurerm_resource_group.example",
            "data.azurerm_client_config.current"
          ]
        }
      ]
    },
    {
      "mode": "managed",
      "type": "azurerm_key_vault_secret",
      "name": "username",
      "provider": "provider[\"registry.terraform.io/hashicorp/azurerm\"]",
      "instances": [
        {
          "schema_version": 0,
          "attributes": {
            "content_type": "",
            "expiration_date": null,
            "id": "https://statestret-kv.vault.azure.net/secrets/azureuser/f0a651c6afb840d4b9e14c73d51004fc",
            "key_vault_id": "/subscriptions/6c903494-a6a9-4bb5-80ad-a6b1816c67b3/resourceGroups/statestret-rg/providers/Microsoft.KeyVault/vaults/statestret-kv",
            "name": "azureuser",
            "not_before_date": null,
            "tags": {},
            "timeouts": null,
            "value": "azureuser",
            "version": "f0a651c6afb840d4b9e14c73d51004fc",
            "versionless_id": "https://statestret-kv.vault.azure.net/secrets/azureuser"
          },
          "sensitive_attributes": [],
          "private": "eyJlMmJmYjczMC1lY2FhLTExZTYtOGY4OC0zNDM2M2JjN2M0YzAiOnsiY3JlYXRlIjoxODAwMDAwMDAwMDAwLCJkZWxldGUiOjE4MDAwMDAwMDAwMDAsInJlYWQiOjMwMDAwMDAwMDAwMCwidXBkYXRlIjoxODAwMDAwMDAwMDAwfX0=",
          "dependencies": [
            "azurerm_key_vault.example",
            "azurerm_resource_group.example",
            "data.azurerm_client_config.current"
          ]
        }
      ]
    },
    {
      "mode": "managed",
      "type": "azurerm_key_vault_secret",
      "name": "vmsecretssh",
      "provider": "provider[\"registry.terraform.io/hashicorp/azurerm\"]",
      "instances": [
        {
          "schema_version": 0,
          "attributes": {
            "content_type": "",
            "expiration_date": null,
            "id": "https://statestret-kv.vault.azure.net/secrets/statestret-vm01-ssh/9b70fb2ef4284affa95cd63e9dc17e08",
            "key_vault_id": "/subscriptions/6c903494-a6a9-4bb5-80ad-a6b1816c67b3/resourceGroups/statestret-rg/providers/Microsoft.KeyVault/vaults/statestret-kv",
            "name": "statestret-vm01-ssh",
            "not_before_date": null,
            "tags": {},
            "timeouts": null,
            "value": "ssh-rsa AAAAB3NzaC1yc2EAAAADAQABAAACAQCndHM1qZXSvrHVm9Ktxrm3nF1RFSvWtldqgB0un9FfAUMhxB4DQ0/B4AFOePTijK4sXsUgPCxuJNb2+0RtDqkfG+YG5tAPfpJW3F8BtV5XlK8susz+bQxolIYHDvYi5OmkFOYg2UsC+LGFX0QpzbNWDV0damae4cPJ5QCp1fZWJYcKPgR+mRy6+d4c6Fyn2YdsgZiPIWKdl3ERd3XWIo1VSQwvuEizIXVm0RIIq8ShWE5oAq4hEKHtI6EVebSy8Wmz+qtiAyQr9WcPL9f1B2U0P9HD/hvU5iLrGypirBvQiS1O39XMCtcIVU4CZ2EoKY5rRA65wvNsURFfsb3wwgaUeImb6P0l3g/Azi7v9AML7o6lLctiD6XZ2q8DkKakdHq+xMFn4bs4fnzBwkRkmodVUUKc8ZsCXL1l8iKqQslpgmAsRCpCFKdTseL1K6H1hINfvMfmfVlmjX5pZdxwmlb4o4s66LI2152SoKmAW27MaEBEk3f/V86xG92nf3VvPB65SPulc4bQNnlH4qL2ZCBvmrIKXXNJsLR9CTVBJHIgruATlSgd+aTNFZmbJQ3OtkBgW+hR2aQvgFVruWEVAeasfI4QjyQrIck8dPDspgIigYM54XQ3LwWNf1Z9G9AfkHcdbS3sSo4XNha0vUnIogw2R1q6nij2kbTFhbPXmvVDOw==\n",
            "version": "9b70fb2ef4284affa95cd63e9dc17e08",
            "versionless_id": "https://statestret-kv.vault.azure.net/secrets/statestret-vm01-ssh"
          },
          "sensitive_attributes": [],
          "private": "eyJlMmJmYjczMC1lY2FhLTExZTYtOGY4OC0zNDM2M2JjN2M0YzAiOnsiY3JlYXRlIjoxODAwMDAwMDAwMDAwLCJkZWxldGUiOjE4MDAwMDAwMDAwMDAsInJlYWQiOjMwMDAwMDAwMDAwMCwidXBkYXRlIjoxODAwMDAwMDAwMDAwfX0=",
          "dependencies": [
            "azurerm_key_vault.example",
            "azurerm_resource_group.example",
            "data.azurerm_client_config.current",
            "tls_private_key.example_ssh"
          ]
        }
      ]
    },
    {
      "mode": "managed",
      "type": "azurerm_linux_virtual_machine",
      "name": "example",
      "provider": "provider[\"registry.terraform.io/hashicorp/azurerm\"]",
      "instances": [
        {
          "schema_version": 0,
          "attributes": {
            "additional_capabilities": [],
            "admin_password": null,
            "admin_ssh_key": [
              {
                "public_key": "ssh-rsa AAAAB3NzaC1yc2EAAAADAQABAAACAQCndHM1qZXSvrHVm9Ktxrm3nF1RFSvWtldqgB0un9FfAUMhxB4DQ0/B4AFOePTijK4sXsUgPCxuJNb2+0RtDqkfG+YG5tAPfpJW3F8BtV5XlK8susz+bQxolIYHDvYi5OmkFOYg2UsC+LGFX0QpzbNWDV0damae4cPJ5QCp1fZWJYcKPgR+mRy6+d4c6Fyn2YdsgZiPIWKdl3ERd3XWIo1VSQwvuEizIXVm0RIIq8ShWE5oAq4hEKHtI6EVebSy8Wmz+qtiAyQr9WcPL9f1B2U0P9HD/hvU5iLrGypirBvQiS1O39XMCtcIVU4CZ2EoKY5rRA65wvNsURFfsb3wwgaUeImb6P0l3g/Azi7v9AML7o6lLctiD6XZ2q8DkKakdHq+xMFn4bs4fnzBwkRkmodVUUKc8ZsCXL1l8iKqQslpgmAsRCpCFKdTseL1K6H1hINfvMfmfVlmjX5pZdxwmlb4o4s66LI2152SoKmAW27MaEBEk3f/V86xG92nf3VvPB65SPulc4bQNnlH4qL2ZCBvmrIKXXNJsLR9CTVBJHIgruATlSgd+aTNFZmbJQ3OtkBgW+hR2aQvgFVruWEVAeasfI4QjyQrIck8dPDspgIigYM54XQ3LwWNf1Z9G9AfkHcdbS3sSo4XNha0vUnIogw2R1q6nij2kbTFhbPXmvVDOw==\n",
                "username": "azureuser"
              }
            ],
            "admin_username": "azureuser",
            "allow_extension_operations": true,
            "availability_set_id": "",
            "boot_diagnostics": [],
            "computer_name": "myvm",
            "custom_data": null,
            "dedicated_host_id": "",
            "disable_password_authentication": true,
            "encryption_at_host_enabled": false,
            "eviction_policy": "",
            "extensions_time_budget": "PT1H30M",
            "id": "/subscriptions/6c903494-a6a9-4bb5-80ad-a6b1816c67b3/resourceGroups/statestret-rg/providers/Microsoft.Compute/virtualMachines/statestret-vm01",
            "identity": [],
            "license_type": "",
            "location": "westus",
            "max_bid_price": -1,
            "name": "statestret-vm01",
            "network_interface_ids": [
              "/subscriptions/6c903494-a6a9-4bb5-80ad-a6b1816c67b3/resourceGroups/statestret-rg/providers/Microsoft.Network/networkInterfaces/statestret-vm01-nic"
            ],
            "os_disk": [
              {
                "caching": "ReadWrite",
                "diff_disk_settings": [],
                "disk_encryption_set_id": "",
                "disk_size_gb": 30,
                "name": "myOsDisk",
                "storage_account_type": "Premium_LRS",
                "write_accelerator_enabled": false
              }
            ],
            "plan": [],
            "platform_fault_domain": -1,
            "priority": "Regular",
            "private_ip_address": "10.0.2.4",
            "private_ip_addresses": [
              "10.0.2.4"
            ],
            "provision_vm_agent": true,
            "proximity_placement_group_id": "",
            "public_ip_address": "168.62.194.141",
            "public_ip_addresses": [
              "168.62.194.141"
            ],
            "resource_group_name": "statestret-rg",
            "secret": [],
            "size": "Standard_DS1_v2",
            "source_image_id": "",
            "source_image_reference": [
              {
                "offer": "UbuntuServer",
                "publisher": "Canonical",
                "sku": "18.04-LTS",
                "version": "latest"
              }
            ],
            "tags": null,
            "timeouts": null,
            "virtual_machine_id": "6b1c33cb-e5a5-4ae3-b867-dd053511d8b2",
            "virtual_machine_scale_set_id": "",
            "zone": ""
          },
          "sensitive_attributes": [
            [
              {
                "type": "get_attr",
                "value": "admin_ssh_key"
              }
            ]
          ],
          "private": "eyJlMmJmYjczMC1lY2FhLTExZTYtOGY4OC0zNDM2M2JjN2M0YzAiOnsiY3JlYXRlIjoyNzAwMDAwMDAwMDAwLCJkZWxldGUiOjI3MDAwMDAwMDAwMDAsInJlYWQiOjMwMDAwMDAwMDAwMCwidXBkYXRlIjoyNzAwMDAwMDAwMDAwfX0=",
          "dependencies": [
            "azurerm_network_interface.example",
            "azurerm_public_ip.example",
            "azurerm_resource_group.example",
            "data.azurerm_key_vault_secret.vmsecretssh",
            "module.vnet.azurerm_subnet.subnet",
            "module.vnet.azurerm_virtual_network.vnet",
            "module.vnet.data.azurerm_resource_group.vnet"
          ]
        }
      ]
    },
    {
      "mode": "managed",
      "type": "azurerm_network_interface",
      "name": "example",
      "provider": "provider[\"registry.terraform.io/hashicorp/azurerm\"]",
      "instances": [
        {
          "schema_version": 0,
          "attributes": {
            "applied_dns_servers": [],
            "dns_servers": [],
            "enable_accelerated_networking": false,
            "enable_ip_forwarding": false,
            "id": "/subscriptions/6c903494-a6a9-4bb5-80ad-a6b1816c67b3/resourceGroups/statestret-rg/providers/Microsoft.Network/networkInterfaces/statestret-vm01-nic",
            "internal_dns_name_label": "",
            "internal_domain_name_suffix": "45yxcr52jv2e5n4uitdzrhengc.dx.internal.cloudapp.net",
            "ip_configuration": [
              {
                "name": "internal",
                "primary": true,
                "private_ip_address": "10.0.2.4",
                "private_ip_address_allocation": "Dynamic",
                "private_ip_address_version": "IPv4",
                "public_ip_address_id": "/subscriptions/6c903494-a6a9-4bb5-80ad-a6b1816c67b3/resourceGroups/statestret-rg/providers/Microsoft.Network/publicIPAddresses/statestret-vm01-publicip",
                "subnet_id": "/subscriptions/6c903494-a6a9-4bb5-80ad-a6b1816c67b3/resourceGroups/statestret-rg/providers/Microsoft.Network/virtualNetworks/statestret-vnet/subnets/statestret-subnet-1"
              }
            ],
            "location": "westus",
            "mac_address": "",
            "name": "statestret-vm01-nic",
            "private_ip_address": "10.0.2.4",
            "private_ip_addresses": [
              "10.0.2.4"
            ],
            "resource_group_name": "statestret-rg",
            "tags": null,
            "timeouts": null,
            "virtual_machine_id": ""
          },
          "sensitive_attributes": [],
          "private": "eyJlMmJmYjczMC1lY2FhLTExZTYtOGY4OC0zNDM2M2JjN2M0YzAiOnsiY3JlYXRlIjoxODAwMDAwMDAwMDAwLCJkZWxldGUiOjE4MDAwMDAwMDAwMDAsInJlYWQiOjMwMDAwMDAwMDAwMCwidXBkYXRlIjoxODAwMDAwMDAwMDAwfX0=",
          "dependencies": [
            "azurerm_public_ip.example",
            "azurerm_resource_group.example",
            "module.vnet.azurerm_subnet.subnet",
            "module.vnet.azurerm_virtual_network.vnet",
            "module.vnet.data.azurerm_resource_group.vnet"
          ]
        }
      ]
    },
    {
      "mode": "managed",
      "type": "azurerm_network_interface_security_group_association",
      "name": "example",
      "provider": "provider[\"registry.terraform.io/hashicorp/azurerm\"]",
      "instances": [
        {
          "schema_version": 0,
          "attributes": {
            "id": "/subscriptions/6c903494-a6a9-4bb5-80ad-a6b1816c67b3/resourceGroups/statestret-rg/providers/Microsoft.Network/networkInterfaces/statestret-vm01-nic|/subscriptions/6c903494-a6a9-4bb5-80ad-a6b1816c67b3/resourceGroups/statestret-rg/providers/Microsoft.Network/networkSecurityGroups/myNetworkSecurityGroup",
            "network_interface_id": "/subscriptions/6c903494-a6a9-4bb5-80ad-a6b1816c67b3/resourceGroups/statestret-rg/providers/Microsoft.Network/networkInterfaces/statestret-vm01-nic",
            "network_security_group_id": "/subscriptions/6c903494-a6a9-4bb5-80ad-a6b1816c67b3/resourceGroups/statestret-rg/providers/Microsoft.Network/networkSecurityGroups/myNetworkSecurityGroup",
            "timeouts": null
          },
          "sensitive_attributes": [],
          "private": "eyJlMmJmYjczMC1lY2FhLTExZTYtOGY4OC0zNDM2M2JjN2M0YzAiOnsiY3JlYXRlIjoxODAwMDAwMDAwMDAwLCJkZWxldGUiOjE4MDAwMDAwMDAwMDAsInJlYWQiOjMwMDAwMDAwMDAwMCwidXBkYXRlIjoxODAwMDAwMDAwMDAwfX0=",
          "dependencies": [
            "azurerm_network_interface.example",
            "azurerm_network_security_group.example",
            "azurerm_public_ip.example",
            "azurerm_resource_group.example",
            "module.vnet.azurerm_subnet.subnet",
            "module.vnet.azurerm_virtual_network.vnet",
            "module.vnet.data.azurerm_resource_group.vnet"
          ]
        }
      ]
    },
    {
      "mode": "managed",
      "type": "azurerm_network_security_group",
      "name": "example",
      "provider": "provider[\"registry.terraform.io/hashicorp/azurerm\"]",
      "instances": [
        {
          "schema_version": 0,
          "attributes": {
            "id": "/subscriptions/6c903494-a6a9-4bb5-80ad-a6b1816c67b3/resourceGroups/statestret-rg/providers/Microsoft.Network/networkSecurityGroups/myNetworkSecurityGroup",
            "location": "westus",
            "name": "myNetworkSecurityGroup",
            "resource_group_name": "statestret-rg",
            "security_rule": [
              {
                "access": "Allow",
                "description": "",
                "destination_address_prefix": "*",
                "destination_address_prefixes": [],
                "destination_application_security_group_ids": [],
                "destination_port_range": "22",
                "destination_port_ranges": [],
                "direction": "Inbound",
                "name": "SSH",
                "priority": 1001,
                "protocol": "Tcp",
                "source_address_prefix": "*",
                "source_address_prefixes": [],
                "source_application_security_group_ids": [],
                "source_port_range": "*",
                "source_port_ranges": []
              }
            ],
            "tags": {
              "environment": "Terraform Demo"
            },
            "timeouts": null
          },
          "sensitive_attributes": [],
          "private": "eyJlMmJmYjczMC1lY2FhLTExZTYtOGY4OC0zNDM2M2JjN2M0YzAiOnsiY3JlYXRlIjoxODAwMDAwMDAwMDAwLCJkZWxldGUiOjE4MDAwMDAwMDAwMDAsInJlYWQiOjMwMDAwMDAwMDAwMCwidXBkYXRlIjoxODAwMDAwMDAwMDAwfX0=",
          "dependencies": [
            "azurerm_resource_group.example"
          ]
        }
      ]
    },
    {
      "mode": "managed",
      "type": "azurerm_policy_assignment",
      "name": "example",
      "provider": "provider[\"registry.terraform.io/hashicorp/azurerm\"]",
      "instances": [
        {
          "schema_version": 0,
          "attributes": {
            "description": "Policy Assignment created via an Acceptance Test",
            "display_name": "My Example Policy Assignment",
            "enforcement_mode": true,
            "id": "/subscriptions/6c903494-a6a9-4bb5-80ad-a6b1816c67b3/resourceGroups/statestret-rg/providers/Microsoft.Authorization/policyAssignments/example-policy-assignment",
            "identity": [],
            "location": "",
            "metadata": "{\"category\":\"General\",\"createdBy\":\"a363a68f-8d34-47be-b65c-b0e06569b80f\",\"createdOn\":\"2021-12-15T09:33:29.4270842Z\",\"updatedBy\":null,\"updatedOn\":null}",
            "name": "example-policy-assignment",
            "not_scopes": [],
            "parameters": "{\"allowedLocations\":{\"value\":[\"west us\",\"east us\"]}}",
            "policy_definition_id": "/subscriptions/6c903494-a6a9-4bb5-80ad-a6b1816c67b3/providers/Microsoft.Authorization/policyDefinitions/my-policy-definition",
            "scope": "/subscriptions/6c903494-a6a9-4bb5-80ad-a6b1816c67b3/resourceGroups/statestret-rg",
            "timeouts": null
          },
          "sensitive_attributes": [],
          "private": "eyJlMmJmYjczMC1lY2FhLTExZTYtOGY4OC0zNDM2M2JjN2M0YzAiOnsiY3JlYXRlIjoxODAwMDAwMDAwMDAwLCJkZWxldGUiOjE4MDAwMDAwMDAwMDAsInJlYWQiOjMwMDAwMDAwMDAwMCwidXBkYXRlIjoxODAwMDAwMDAwMDAwfX0=",
          "dependencies": [
            "azurerm_resource_group.example",
            "azurerm_policy_definition.example"
          ]
        }
      ]
    },
    {
      "mode": "managed",
      "type": "azurerm_policy_definition",
      "name": "example",
      "provider": "provider[\"registry.terraform.io/hashicorp/azurerm\"]",
      "instances": [
        {
          "schema_version": 0,
          "attributes": {
            "description": "",
            "display_name": "my-policy-definition",
            "id": "/subscriptions/6c903494-a6a9-4bb5-80ad-a6b1816c67b3/providers/Microsoft.Authorization/policyDefinitions/my-policy-definition",
            "management_group_id": "",
            "management_group_name": "",
            "metadata": "{\"createdBy\":\"a363a68f-8d34-47be-b65c-b0e06569b80f\",\"createdOn\":\"2021-12-15T09:31:58.6988126Z\",\"updatedBy\":null,\"updatedOn\":null}",
            "mode": "All",
            "name": "my-policy-definition",
            "parameters": "{\"allowedLocations\":{\"type\":\"Array\",\"metadata\":{\"description\":\"The list of allowed locations for resources.\",\"displayName\":\"Allowed locations\",\"strongType\":\"location\"}}}",
            "policy_rule": "{\"if\":{\"not\":{\"field\":\"location\",\"in\":\"[parameters('allowedLocations')]\"}},\"then\":{\"effect\":\"audit\"}}",
            "policy_type": "Custom",
            "timeouts": null
          },
          "sensitive_attributes": [],
          "private": "eyJlMmJmYjczMC1lY2FhLTExZTYtOGY4OC0zNDM2M2JjN2M0YzAiOnsiY3JlYXRlIjoxODAwMDAwMDAwMDAwLCJkZWxldGUiOjE4MDAwMDAwMDAwMDAsInJlYWQiOjMwMDAwMDAwMDAwMCwidXBkYXRlIjoxODAwMDAwMDAwMDAwfX0="
        }
      ]
    },
    {
      "mode": "managed",
      "type": "azurerm_public_ip",
      "name": "example",
      "provider": "provider[\"registry.terraform.io/hashicorp/azurerm\"]",
      "instances": [
        {
          "schema_version": 0,
          "attributes": {
            "allocation_method": "Dynamic",
            "availability_zone": "No-Zone",
            "domain_name_label": null,
            "fqdn": null,
            "id": "/subscriptions/6c903494-a6a9-4bb5-80ad-a6b1816c67b3/resourceGroups/statestret-rg/providers/Microsoft.Network/publicIPAddresses/statestret-vm01-publicip",
            "idle_timeout_in_minutes": 4,
            "ip_address": "",
            "ip_tags": {},
            "ip_version": "IPv4",
            "location": "westus",
            "name": "statestret-vm01-publicip",
            "public_ip_prefix_id": null,
            "resource_group_name": "statestret-rg",
            "reverse_fqdn": null,
            "sku": "Basic",
            "sku_tier": "Regional",
            "tags": {
              "environment": "Terraform Demo"
            },
            "timeouts": null,
            "zones": []
          },
          "sensitive_attributes": [],
          "private": "eyJlMmJmYjczMC1lY2FhLTExZTYtOGY4OC0zNDM2M2JjN2M0YzAiOnsiY3JlYXRlIjoxODAwMDAwMDAwMDAwLCJkZWxldGUiOjE4MDAwMDAwMDAwMDAsInJlYWQiOjMwMDAwMDAwMDAwMCwidXBkYXRlIjoxODAwMDAwMDAwMDAwfX0=",
          "dependencies": [
            "azurerm_resource_group.example"
          ]
        }
      ]
    },
    {
      "mode": "managed",
      "type": "azurerm_resource_group",
      "name": "example",
      "provider": "provider[\"registry.terraform.io/hashicorp/azurerm\"]",
      "instances": [
        {
          "schema_version": 0,
          "attributes": {
            "id": "/subscriptions/6c903494-a6a9-4bb5-80ad-a6b1816c67b3/resourceGroups/statestret-rg",
            "location": "westus",
            "name": "statestret-rg",
            "tags": {
              "environment": "Terraform Demo"
            },
            "timeouts": null
          },
          "sensitive_attributes": [],
          "private": "eyJlMmJmYjczMC1lY2FhLTExZTYtOGY4OC0zNDM2M2JjN2M0YzAiOnsiY3JlYXRlIjo1NDAwMDAwMDAwMDAwLCJkZWxldGUiOjU0MDAwMDAwMDAwMDAsInJlYWQiOjMwMDAwMDAwMDAwMCwidXBkYXRlIjo1NDAwMDAwMDAwMDAwfX0="
        }
      ]
    },
    {
      "mode": "managed",
      "type": "azurerm_storage_account",
      "name": "example",
      "provider": "provider[\"registry.terraform.io/hashicorp/azurerm\"]",
      "instances": [
        {
          "schema_version": 2,
          "attributes": {
            "access_tier": "Hot",
            "account_kind": "StorageV2",
            "account_replication_type": "LRS",
            "account_tier": "Standard",
            "allow_blob_public_access": false,
            "azure_files_authentication": [],
            "blob_properties": [
              {
                "change_feed_enabled": false,
                "container_delete_retention_policy": [],
                "cors_rule": [],
                "default_service_version": "",
                "delete_retention_policy": [],
                "last_access_time_enabled": false,
                "versioning_enabled": false
              }
            ],
            "custom_domain": [],
            "enable_https_traffic_only": true,
            "id": "/subscriptions/6c903494-a6a9-4bb5-80ad-a6b1816c67b3/resourceGroups/statestret-rg/providers/Microsoft.Storage/storageAccounts/staccnttest21",
            "identity": [],
            "is_hns_enabled": false,
            "large_file_share_enabled": null,
            "location": "westus",
            "min_tls_version": "TLS1_0",
            "name": "staccnttest21",
            "network_rules": [
              {
                "bypass": [
                  "AzureServices"
                ],
                "default_action": "Allow",
                "ip_rules": [],
                "private_link_access": [],
                "virtual_network_subnet_ids": []
              }
            ],
            "nfsv3_enabled": false,
            "primary_access_key": "2xY3ykDPsCrIECZnZWcX+uTfBqFLNKfkRYB0YMoPFH046lUGk0J/rXAQ1Kf+pwgr1vskMVLmQegQIXazgqWRNg==",
            "primary_blob_connection_string": "DefaultEndpointsProtocol=https;BlobEndpoint=https://staccnttest21.blob.core.windows.net/;AccountName=staccnttest21;AccountKey=2xY3ykDPsCrIECZnZWcX+uTfBqFLNKfkRYB0YMoPFH046lUGk0J/rXAQ1Kf+pwgr1vskMVLmQegQIXazgqWRNg==",
            "primary_blob_endpoint": "https://staccnttest21.blob.core.windows.net/",
            "primary_blob_host": "staccnttest21.blob.core.windows.net",
            "primary_connection_string": "DefaultEndpointsProtocol=https;AccountName=staccnttest21;AccountKey=2xY3ykDPsCrIECZnZWcX+uTfBqFLNKfkRYB0YMoPFH046lUGk0J/rXAQ1Kf+pwgr1vskMVLmQegQIXazgqWRNg==;EndpointSuffix=core.windows.net",
            "primary_dfs_endpoint": "https://staccnttest21.dfs.core.windows.net/",
            "primary_dfs_host": "staccnttest21.dfs.core.windows.net",
            "primary_file_endpoint": "https://staccnttest21.file.core.windows.net/",
            "primary_file_host": "staccnttest21.file.core.windows.net",
            "primary_location": "westus",
            "primary_queue_endpoint": "https://staccnttest21.queue.core.windows.net/",
            "primary_queue_host": "staccnttest21.queue.core.windows.net",
            "primary_table_endpoint": "https://staccnttest21.table.core.windows.net/",
            "primary_table_host": "staccnttest21.table.core.windows.net",
            "primary_web_endpoint": "https://staccnttest21.z22.web.core.windows.net/",
            "primary_web_host": "staccnttest21.z22.web.core.windows.net",
            "queue_properties": [
              {
                "cors_rule": [],
                "hour_metrics": [
                  {
                    "enabled": true,
                    "include_apis": true,
                    "retention_policy_days": 7,
                    "version": "1.0"
                  }
                ],
                "logging": [
                  {
                    "delete": false,
                    "read": false,
                    "retention_policy_days": 0,
                    "version": "1.0",
                    "write": false
                  }
                ],
                "minute_metrics": [
                  {
                    "enabled": false,
                    "include_apis": false,
                    "retention_policy_days": 0,
                    "version": "1.0"
                  }
                ]
              }
            ],
            "resource_group_name": "statestret-rg",
            "routing": [],
            "secondary_access_key": "RICXu68Y8kZDz0rIv6tWp2T1yryxOglUUKmerKGpsL4k9lR51j2G9qz8xCcwMmJhKJ2jb0GYa7YtVPywcRaAUQ==",
            "secondary_blob_connection_string": "",
            "secondary_blob_endpoint": null,
            "secondary_blob_host": null,
            "secondary_connection_string": "DefaultEndpointsProtocol=https;AccountName=staccnttest21;AccountKey=RICXu68Y8kZDz0rIv6tWp2T1yryxOglUUKmerKGpsL4k9lR51j2G9qz8xCcwMmJhKJ2jb0GYa7YtVPywcRaAUQ==;EndpointSuffix=core.windows.net",
            "secondary_dfs_endpoint": null,
            "secondary_dfs_host": null,
            "secondary_file_endpoint": null,
            "secondary_file_host": null,
            "secondary_location": "",
            "secondary_queue_endpoint": null,
            "secondary_queue_host": null,
            "secondary_table_endpoint": null,
            "secondary_table_host": null,
            "secondary_web_endpoint": null,
            "secondary_web_host": null,
            "share_properties": [
              {
                "cors_rule": [],
                "retention_policy": [
                  {
                    "days": 7
                  }
                ],
                "smb": []
              }
            ],
            "static_website": [],
            "tags": {
              "environment": "Terraform Demo"
            },
            "timeouts": null
          },
          "sensitive_attributes": [],
          "private": "eyJlMmJmYjczMC1lY2FhLTExZTYtOGY4OC0zNDM2M2JjN2M0YzAiOnsiY3JlYXRlIjozNjAwMDAwMDAwMDAwLCJkZWxldGUiOjM2MDAwMDAwMDAwMDAsInJlYWQiOjMwMDAwMDAwMDAwMCwidXBkYXRlIjozNjAwMDAwMDAwMDAwfSwic2NoZW1hX3ZlcnNpb24iOiIyIn0=",
          "dependencies": [
            "azurerm_resource_group.example"
          ]
        }
      ]
    },
    {
      "mode": "managed",
      "type": "azurerm_storage_container",
      "name": "example",
      "provider": "provider[\"registry.terraform.io/hashicorp/azurerm\"]",
      "instances": [
        {
          "schema_version": 1,
          "attributes": {
            "container_access_type": "private",
            "has_immutability_policy": false,
            "has_legal_hold": false,
            "id": "https://staccnttest21.blob.core.windows.net/tf-statefile",
            "metadata": {},
            "name": "tf-statefile",
            "resource_manager_id": "/subscriptions/6c903494-a6a9-4bb5-80ad-a6b1816c67b3/resourceGroups/statestret-rg/providers/Microsoft.Storage/storageAccounts/staccnttest21/blobServices/default/containers/tf-statefile",
            "storage_account_name": "staccnttest21",
            "timeouts": null
          },
          "sensitive_attributes": [],
          "private": "eyJlMmJmYjczMC1lY2FhLTExZTYtOGY4OC0zNDM2M2JjN2M0YzAiOnsiY3JlYXRlIjoxODAwMDAwMDAwMDAwLCJkZWxldGUiOjE4MDAwMDAwMDAwMDAsInJlYWQiOjMwMDAwMDAwMDAwMCwidXBkYXRlIjoxODAwMDAwMDAwMDAwfSwic2NoZW1hX3ZlcnNpb24iOiIxIn0=",
          "dependencies": [
            "azurerm_resource_group.example",
            "azurerm_storage_account.example"
          ]
        }
      ]
    },
    {
      "mode": "managed",
      "type": "tls_private_key",
      "name": "example_ssh",
      "provider": "provider[\"registry.terraform.io/hashicorp/tls\"]",
      "instances": [
        {
          "schema_version": 0,
          "attributes": {
            "algorithm": "RSA",
            "ecdsa_curve": "P224",
            "id": "8800940cfa4e6d5d6b3939f431cc389bfb13e407",
            "private_key_pem": "-----BEGIN RSA PRIVATE KEY-----\nMIIJKQIBAAKCAgEAp3RzNamV0r6x1ZvSrca5t5xdURUr1rZXaoAdLp/RXwFDIcQe\nA0NPweABTnj04oyuLF7FIDwsbiTW9vtEbQ6pHxvmBubQD36SVtxfAbVeV5SvLLrM\n/m0MaJSGBw72IuTppBTmINlLAvixhV9EKc2zVg1dHWpmnuHDyeUAqdX2ViWHCj4E\nfpkcuvneHOhcp9mHbIGYjyFinZdxEXd11iKNVUkML7hIsyF1ZtESCKvEoVhOaAKu\nIRCh7SOhFXm0svFps/qrYgMkK/VnDy/X9QdlND/Rw/4b1OYi6xsqYqwb0IktTt/V\nzArXCFVOAmdhKCmOa0QOucLzbFERX7G98MIGlHiJm+j9Jd4PwM4u7/QDC+6OpS3L\nYg+l2dqvA5CmpHR6vsTBZ+G7OH58wcJEZJqHVVFCnPGbAly9ZfIiqkLJaYJgLEQq\nQhSnU7Hi9Suh9YSDX7zH5n1ZZo1+aWXccJpW+KOLOuiyNtedkqCpgFtuzGhARJN3\n/1fOsRvdp391bzweuUj7pXOG0DZ5R+Ki9mQgb5qyCl1zSbC0fQk1QSRyIK7gE5Uo\nHfmkzRWZmyUNzrZAYFvoUdmkL4BVa7lhFQHmrHyOEI8kKyHJPHTw7KYCIoGDOeF0\nNy8FjX9WfRvQH5B3HW0t7EqOFzYWtL1JyKIMNkdaup4o9pG0xYWz15r1QzsCAwEA\nAQKCAgAr1zsKg5msESzx5dfkkzCwN4ne3pIZpqeARIZfXIwuOWBgCL5q0EajVYhC\nCTzjyz0WdMFbTSW8uHxnMSWa/8mbUWyJxggW5mZdw1hEVD2c5FpwdX+R5O7oumnU\nk0Axpojc4nPVic4vuviPGH/6Cda34svMFb1EP4tI4mGoFVJm/3A5aD84/dEdyqky\nHEuVzke8SrmsT2tIIwwBLKt3IpiqCXPdUnwGGe5ourfj+USDkWEFrh30niwmr7tO\nqgx7BOVNr4ULJhNkRt1yhm4dwo/mfAbpLzAOLypZL0WLi8/EawWnrsaEoxnlHqBL\n1NEE+MxGnQzV6Ypdg2PvD9PQopuh+tR6NStCZh5tSiLFELdy197qKpVn5JVv2wrB\nOUHm3dNDC+HmKz7Lkl+BRL3SjTpzd/E3Blxpddd1t2MQ8XqTqbv38HYLMP+IlhIt\nRIbb/oRp6e+ka85/I7l/saVWeMjuz4fWbgTEj+QJ1qGGAV1hgNNlyJhuWmn/5zcA\nv/EWw3e+RuyM+ngRI24KZYv05ivXyARI04nZkAx0WKCnrSeuRUXvr5YcfLvBLTRc\nPShYeBlOvyg08q8tbiBMQ/Ris0XI7FizPEMVkoT6DRManq8eStByqCyWqIUV3+xp\nTU9vnN35iY9czhqhI6xPbDIrwop8wnLXtAjiBcTSrvMzgGDg8QKCAQEA2jniE6hb\n5Ilvpf+81fwwNfDWJH+XCTJhgKpvX4zuNWtMk94r7Umym9PtyLsmHruKQX+9Mn7t\n9spfEdWuq4mY7HekX5wODqptdl1NXYRt6TF6Vm7fysk6IPk3n3SBQVhsb9P0jl4v\n6t1h043lQgb+YRjufMXhPqMHYOb/lLGo4dTsiiDukjmeDUtCUQRr8Iqjxp0WjpTV\nUgQNO8Mytn9MkjxxuTv3X6224NieQ3mRHS8/GUAf3ZRWS2EWUI+L384KbyAXTcqd\nP3sAvSA8mZlODh6/hadaXS0jwIl+I/O6wXhlUXPXXkJuS0ogo7k1pt4uuLCRIZG/\n8wuiZEwT+4wVPQKCAQEAxHDGA3FDWDIWLyLjNm2xzkEYJw2g67G9g6p1CdBVLgyo\nbG9NyEPx1Idph9usbe9pgfrPZn4MTseOXk3+DzbnxFDElOHSKVZ8dFtDJK4gyUw4\nUh9mMdkmGC6bRfU6IChM37xRg+hiZ8X70x2BkpD4sk3hgK9yl+1KwqYWbnPSdaTv\nlsva+L2M8U0WjdqpkrKQHr3GuNYzxGJ86oZfgij3qtM+Orpn6MUTYwNkC9qjtG8N\n+gLwJMMgmGLqfOQtFLh0bLceVRluDOEoj0394Ap11AEeHOh7ds5wxcd1DOrK+i4Z\ne/LNfkhjgQ2k1S1EKYxGkOidlQ0NR/3oI7wOaKXx1wKCAQBHlZk9jYqnSxYew+cz\n4ogGCbyVOG1ZDPfC9yWVmGtDhrEWCFkse3Jlf32OzSVSC37swXRUriJtRDEvboLf\nrkFFwHFhE5Xg5bMGktCgDqLnTd2toK00nhG9Y0MFwXfs8Y6QmFyunuLlDj3a4b8E\ni7rCKyWANIEQxPXUqbHJGwYlHm2BWhAoU1IvVjKo1OR7gV779efCWbwoLUASDJQE\nHXoGtmEvvCYHcrp8w1IXHDen9SmjpM9PJiuwimaBgrUFc1ck4MgEMqSmgDjb0UlP\nsWRTaW617xHLYtVJgVCphngKou3JbFCHkQ8RD33pdwXMeTGmT/Urp93pYjWg5Pvh\nFjCZAoIBAQCNBxGBoyzgAoVercNFbhc6pgz67JPc4ivWfOetdf3RI5E+1+GVpwHU\nvKqMuK7f9gNfJ3sCb/fSDv4swf1lWtulWv7mjADfYJHUzzgy+zfajHfarWQm4Wix\n77PV06o5L/WQopg7BPiw27hg5kwBt0Z0a+k7A7pXTCph9+8euNQdVZ4UOqIn9Z1c\nFyXcDWG0SbGiAEjMpitgD/zyOioTPeogn6uLagvzVpkGeoa24+6nORtlo/pXyiZ6\ngHkr1Hxw5cPf0M9b9PfHE1aVGz7qO1hALdU6l8UblDXuJ7Xm4iF63uG41KWmxb16\nBxuRWAAZe/WlTvri6Q3h421nSjll88zdAoIBAQCMI2bN1u6Ms3nNpPOr7uFtAtsD\nqOkgi/ZyAPGGi/sS96i+H9AqubmALs+ATPtQb6Aa/Leq10/D4wUYVP6n1AUz06f/\nv760+9WqofvpBeXR32/7UACb0ztdcBWkGrVoIhofzBb5DeFPsNNfJbzjlTU2NdpR\nR3jI6aBwIB++0i4CbHjrvPVNcQOFnFh0+6G8K8ffnsgYjBnmkfh5l4hZrLKaQZnV\nSbj+159v/lHKEvqbSusB6i+li4HZsUjptCvgd7iDPt3Vtkw94EuM6m5lkYoiOLCE\nEaz57Mmwx7P1svaQPgNSqV+jl8MuP/Il0dR/U0X6YAD54FVn0W0nuYqth43p\n-----END RSA PRIVATE KEY-----\n",
            "public_key_fingerprint_md5": "f3:81:d4:a5:20:ee:e3:89:c0:c2:98:39:45:3f:af:df",
            "public_key_openssh": "ssh-rsa AAAAB3NzaC1yc2EAAAADAQABAAACAQCndHM1qZXSvrHVm9Ktxrm3nF1RFSvWtldqgB0un9FfAUMhxB4DQ0/B4AFOePTijK4sXsUgPCxuJNb2+0RtDqkfG+YG5tAPfpJW3F8BtV5XlK8susz+bQxolIYHDvYi5OmkFOYg2UsC+LGFX0QpzbNWDV0damae4cPJ5QCp1fZWJYcKPgR+mRy6+d4c6Fyn2YdsgZiPIWKdl3ERd3XWIo1VSQwvuEizIXVm0RIIq8ShWE5oAq4hEKHtI6EVebSy8Wmz+qtiAyQr9WcPL9f1B2U0P9HD/hvU5iLrGypirBvQiS1O39XMCtcIVU4CZ2EoKY5rRA65wvNsURFfsb3wwgaUeImb6P0l3g/Azi7v9AML7o6lLctiD6XZ2q8DkKakdHq+xMFn4bs4fnzBwkRkmodVUUKc8ZsCXL1l8iKqQslpgmAsRCpCFKdTseL1K6H1hINfvMfmfVlmjX5pZdxwmlb4o4s66LI2152SoKmAW27MaEBEk3f/V86xG92nf3VvPB65SPulc4bQNnlH4qL2ZCBvmrIKXXNJsLR9CTVBJHIgruATlSgd+aTNFZmbJQ3OtkBgW+hR2aQvgFVruWEVAeasfI4QjyQrIck8dPDspgIigYM54XQ3LwWNf1Z9G9AfkHcdbS3sSo4XNha0vUnIogw2R1q6nij2kbTFhbPXmvVDOw==\n",
            "public_key_pem": "-----BEGIN PUBLIC KEY-----\nMIICIjANBgkqhkiG9w0BAQEFAAOCAg8AMIICCgKCAgEAp3RzNamV0r6x1ZvSrca5\nt5xdURUr1rZXaoAdLp/RXwFDIcQeA0NPweABTnj04oyuLF7FIDwsbiTW9vtEbQ6p\nHxvmBubQD36SVtxfAbVeV5SvLLrM/m0MaJSGBw72IuTppBTmINlLAvixhV9EKc2z\nVg1dHWpmnuHDyeUAqdX2ViWHCj4EfpkcuvneHOhcp9mHbIGYjyFinZdxEXd11iKN\nVUkML7hIsyF1ZtESCKvEoVhOaAKuIRCh7SOhFXm0svFps/qrYgMkK/VnDy/X9Qdl\nND/Rw/4b1OYi6xsqYqwb0IktTt/VzArXCFVOAmdhKCmOa0QOucLzbFERX7G98MIG\nlHiJm+j9Jd4PwM4u7/QDC+6OpS3LYg+l2dqvA5CmpHR6vsTBZ+G7OH58wcJEZJqH\nVVFCnPGbAly9ZfIiqkLJaYJgLEQqQhSnU7Hi9Suh9YSDX7zH5n1ZZo1+aWXccJpW\n+KOLOuiyNtedkqCpgFtuzGhARJN3/1fOsRvdp391bzweuUj7pXOG0DZ5R+Ki9mQg\nb5qyCl1zSbC0fQk1QSRyIK7gE5UoHfmkzRWZmyUNzrZAYFvoUdmkL4BVa7lhFQHm\nrHyOEI8kKyHJPHTw7KYCIoGDOeF0Ny8FjX9WfRvQH5B3HW0t7EqOFzYWtL1JyKIM\nNkdaup4o9pG0xYWz15r1QzsCAwEAAQ==\n-----END PUBLIC KEY-----\n",
            "rsa_bits": 4096
          },
          "sensitive_attributes": [],
          "private": "bnVsbA=="
        }
      ]
    },
    {
      "module": "module.vnet",
      "mode": "data",
      "type": "azurerm_resource_group",
      "name": "vnet",
      "provider": "provider[\"registry.terraform.io/hashicorp/azurerm\"]",
      "instances": [
        {
          "schema_version": 0,
          "attributes": {
            "id": "/subscriptions/6c903494-a6a9-4bb5-80ad-a6b1816c67b3/resourceGroups/statestret-rg",
            "location": "westus",
            "name": "statestret-rg",
            "tags": {
              "environment": "Terraform Demo"
            },
            "timeouts": null
          },
          "sensitive_attributes": []
        }
      ]
    },
    {
      "module": "module.vnet",
      "mode": "managed",
      "type": "azurerm_subnet",
      "name": "subnet",
      "provider": "provider[\"registry.terraform.io/hashicorp/azurerm\"]",
      "instances": [
        {
          "index_key": 0,
          "schema_version": 0,
          "attributes": {
            "address_prefix": "10.0.2.0/24",
            "address_prefixes": [
              "10.0.2.0/24"
            ],
            "delegation": [],
            "enforce_private_link_endpoint_network_policies": false,
            "enforce_private_link_service_network_policies": false,
            "id": "/subscriptions/6c903494-a6a9-4bb5-80ad-a6b1816c67b3/resourceGroups/statestret-rg/providers/Microsoft.Network/virtualNetworks/statestret-vnet/subnets/statestret-subnet-1",
            "name": "statestret-subnet-1",
            "resource_group_name": "statestret-rg",
            "service_endpoint_policy_ids": null,
            "service_endpoints": null,
            "timeouts": null,
            "virtual_network_name": "statestret-vnet"
          },
          "sensitive_attributes": [],
          "private": "eyJlMmJmYjczMC1lY2FhLTExZTYtOGY4OC0zNDM2M2JjN2M0YzAiOnsiY3JlYXRlIjoxODAwMDAwMDAwMDAwLCJkZWxldGUiOjE4MDAwMDAwMDAwMDAsInJlYWQiOjMwMDAwMDAwMDAwMCwidXBkYXRlIjoxODAwMDAwMDAwMDAwfX0=",
          "dependencies": [
            "azurerm_resource_group.example",
            "module.vnet.azurerm_virtual_network.vnet",
            "module.vnet.data.azurerm_resource_group.vnet"
          ]
        }
      ]
    },
    {
      "module": "module.vnet",
      "mode": "managed",
      "type": "azurerm_virtual_network",
      "name": "vnet",
      "provider": "provider[\"registry.terraform.io/hashicorp/azurerm\"]",
      "instances": [
        {
          "schema_version": 0,
          "attributes": {
            "address_space": [
              "10.0.0.0/16"
            ],
            "bgp_community": "",
            "ddos_protection_plan": [],
            "dns_servers": [],
            "guid": "4771f1f7-4dfc-4f78-b7d4-44c7989c8d32",
            "id": "/subscriptions/6c903494-a6a9-4bb5-80ad-a6b1816c67b3/resourceGroups/statestret-rg/providers/Microsoft.Network/virtualNetworks/statestret-vnet",
            "location": "westus",
            "name": "statestret-vnet",
            "resource_group_name": "statestret-rg",
            "subnet": [],
            "tags": null,
            "timeouts": null,
            "vm_protection_enabled": false
          },
          "sensitive_attributes": [],
          "private": "eyJlMmJmYjczMC1lY2FhLTExZTYtOGY4OC0zNDM2M2JjN2M0YzAiOnsiY3JlYXRlIjoxODAwMDAwMDAwMDAwLCJkZWxldGUiOjE4MDAwMDAwMDAwMDAsInJlYWQiOjMwMDAwMDAwMDAwMCwidXBkYXRlIjoxODAwMDAwMDAwMDAwfX0=",
          "dependencies": [
            "azurerm_resource_group.example",
            "module.vnet.data.azurerm_resource_group.vnet"
          ]
        }
      ]
    }
  ]
}
