{
  "version": 4,
  "terraform_version": "1.0.11",
  "serial": 184,
  "lineage": "ea3cfc3a-e8af-b3e0-f5df-1131345bfe16",
  "outputs": {
    "kv_id": {
      "value": "/subscriptions/6c903494-a6a9-4bb5-80ad-a6b1816c67b3/resourceGroups/statestret-rg/providers/Microsoft.KeyVault/vaults/statestret-kv",
      "type": "string"
    },
    "tls_private_key": {
      "value": "-----BEGIN RSA PRIVATE KEY-----\nMIIJJwIBAAKCAgEAxjbM3koKXkR7Uyfhf0IrmgrySaLtOc1LOO+kU+Us5KVcCll+\nQUK9zNMtXw0hvqRFeeTlD811npD0JCQNmme3rkLZ96N1rLmI+XItLEBezwEG8uA1\nNt/rp+u5ADVdXT6+Gztz/7LITKsHs+QfeKjBwo8pliHGMQaywKO2r2qb+p+gpgXE\nuyI6R21pwpLpAYwU9/Zmve/nGW84Pq+nsw00ZCDGSU+BjjyMZRMo1sDmuurMJBQt\nWZaG3AxcgNbxgUvUWQBvkf7P7mi2GMw6MxuC3hXhy2+g8RSROVOmNXSmrq1RIh6e\nvDzenV/zZehpL5B7xxE/yOLRlKdjDANu0bBYQpn0AuR1g/6pBU/lmVWhkvclV+S/\niTFf+7E3OJjAsTHM7yvsnBXbhaudZodQtE6nzpumlSejovngSEca/JTI5DQZAZyL\nsmxbrrZ8an5KTHcUSQKeeZuA5HH2kESYjHkgOcRRgji6oxUNdXYJYx1YQ3Ks9VKY\nTjTpvTBC/hD2x4Ez4/IBTYi0KsqU77zwAedx8ES7nwFClfIUoW3fdWc+2bw20RGA\nZ1JA5ouYF/91s890dWU/7ShXIJ+tS18BWGLAzs0GmYf7qBw3j/Q1Yooyb9j/CkXL\nwIquVm7qYXARagMerJy2aBCOzriMefjeXwoRF4LMyTCmFXJp4skQC8Yk7/kCAwEA\nAQKCAgAK4D7lg5KGEaPisDGDVhImZatdtv7lSQpzmVKe99g6w4gFWVvAIPVhI8U9\nje7oEwNs6M5Yy6FEjheXVBMbAc3mVey31dRDIfsOFOG9p9qL6TaEZSEGXcsEb766\n8DKrRyIPRHfc8+ZhrpDBoibH7BqVnl1dy4SgdAmi4FjJz0O3wMKD2ZUt33brLGm9\nL2pxl0ofQPnqOhuoHZ4scl71SCgzxkibBS3KrC/X6/E1t2fxoaiJ4kGKxOOpd1Qs\nDZ86xPpl18xHan/mSQCU47/dxgisPu8gxoNCNyqwxpI8JKZwtznYcW2sTnq4j+c/\nFD2RSpBAIAYr86YkTfr1Ucrm3pI5HIcqboEsSu3PVh3zbvJ3QRpQgQhKM+zV8plk\nzYVkiDxoYtFkIhpqTqUVphXGSpEWm19/1laYfxjWSdoMvEJDeufRP3+t1qeZyTM8\nXh5DG303R43WmVZvNx9/Q4wLh+kVctP64NwS+QidEx/kuw3sEZe5M6UkvUEZPnmI\nynhQED8pJcwt0Xt87NR5UCSXYiex42kKXeFk0NaYfATdC/5me2az5XPGsJAOAbxi\nHhSqiZkhjVQMSRl9uLYM0a2IL6bgN3zBa762d8jzhOvnK9sNFmiOuwpZUfb+4L0J\nM+bWkaTsr27pCd00ciVPyK+IqdMasTRCG0z0wzDuq6bGC+lhcQKCAQEA0Ph3YCF0\nrn/U8ochECPPmzmww36QEO/02Gpn+aOhZCwv3vWJZfgqYdLrNJrWAnnjnw6/FVn8\nKFI8Ap0OTr2y8eKx6XZjUyh8PL1Awn2o/Eja8kWwKfE51M7ULRZA7RVlw88Cmtgw\n7bVCfRu3l0XrG8zkdzSz1+5nSG5YgAlEhGiqu1yO3fl7WKoOdcfiuAxhLxq4Yg5M\nNXxt3oM17szU4YoBb2ymQU1sq4XcVmS5D6zz+wN/hwbpLdSHxZGOjuJfGBR4U337\n2zG3knuQRubFh5pfsaVVT/Bx6hk1jdcTjv7uVcvE1Vj5HTX37alouW7FlSvM7Tex\n+y7MAHqypd36rwKCAQEA8tKdDZx5hYvW9HxCY0GFmL9miSKO5UaaZKod3nV55zCB\n2PDiB2m8CA3y+1R0DrcWzpi/KOU2yXyUMRqmWXqNcBvRUH1vrgcHIomEMO8B5UWu\nFInlsY8OvSPc6Emxfp1iGpsmtinuzNHtOYAMIe6HEx3x3O5BD/crypZWHhcw78AE\nv83HF2o2HT5ydkqckbRvQUXvhrtbhIneg9+7R8pnQNHhRvodluDIoGY/eL5a1kyM\noV2hX/oEmbrBVzRs6UrwiQX/kVA9BPrKAqgo2OvrI7bhkPDbsApu7ngwFp73mAo4\nafiOrGKpg9zHGTVvhsFSec5PutAOmLZCBo72aFzJ1wKCAQAZ75yxW7Wlqsv9RfQ+\nkpNDysc7nEu5Lm8PJTW+cCapzioq3AKvmzt3ZLw4jTcem446wZPJzJ9VSc+U63VJ\nJJY/G0nFliIBwjaZO0v8V6hPl6NFCo0wx3XMCdefuPFZ+5vjz5+dJFP+TM7xxCzn\nI5BopOd+PBZOKJK9FKT7Tysn2+3Ez1oUBtDeUkz1JVfoS/EL7Z8Q3IFs6gKg6Vwa\nRWXukDhZYfzIghmIuFZ+ioXFgkvNzcNYOO1b+NLZHJW6+jGfRXshsbM+o08LaTag\n9idyCyDxZXnPMCKTUYmqDxWoW8+s6luFt0ND8tzQrIQI78yqFQOcNZtrd4VuUcw2\ndfSVAoIBABBq2wGDldfIp6TqDdcGJBE6x6T3+C9aQbASrGhRCwftiKnxR2b26Can\nQslpYVtpV5pqS2ppbPXcfWyAf8TG+28cAl/tyzI5+WqFX7GrRzaIKofq9uO1Z2q0\nVQhDi0OjQnHIEar5VNL2UpKzrJ5SsUFCogqs9SsuLADLf1ETglSDaA7Ly+0yWixJ\n/5Ut4D4ds/P21YYHft2MMMY7xz7IWYjRZ+jTmlKMKiRmJV51iFC65js2yGVj0xHN\nxaquubpgPbkV9byOb0G57xSU6AYalVBZ2hBhqIjTe8KVz7KH1vepoTzQ+FyBYzKu\nJ6v1p++1fG0N3OgljwcWM4qb+d7+fwsCggEAIgX21yV2nRhC+jf06vOeL60RfGFb\nJ0Fp51v3451f3jKq6xmVmtLf5QTzoVbsGnN/mF26NVaSKVtyPL+A/MA5AU1hCBKK\nLtgJlObvrreeTa0J85THqVjmBAMfUuUPRRlXJmESIF5HRGEWdxFjh1jCuCAu+S3j\ny8nSDH70vnZD+QOsxhctACwzUz/wImNEWiwRVadLaAntFNCFybQs0jkjQm9lJz+B\nJ7hm9QGy0fMmO0lcNLSUIYDo2lTnrzDU4J4b/mqUSTQFFvHKCK1pXYiTrQ4BPboT\nc7xlp2TbnzfBGgMSklYXNlJxkhSlNE20Hpa3pK5IxJtEVv5+1zbxAvjJrw==\n-----END RSA PRIVATE KEY-----\n",
      "type": "string",
      "sensitive": true
    },
    "tls_public_key": {
      "value": "ssh-rsa AAAAB3NzaC1yc2EAAAADAQABAAACAQDGNszeSgpeRHtTJ+F/QiuaCvJJou05zUs476RT5SzkpVwKWX5BQr3M0y1fDSG+pEV55OUPzXWekPQkJA2aZ7euQtn3o3WsuYj5ci0sQF7PAQby4DU23+un67kANV1dPr4bO3P/sshMqwez5B94qMHCjymWIcYxBrLAo7avapv6n6CmBcS7IjpHbWnCkukBjBT39ma97+cZbzg+r6ezDTRkIMZJT4GOPIxlEyjWwOa66swkFC1ZlobcDFyA1vGBS9RZAG+R/s/uaLYYzDozG4LeFeHLb6DxFJE5U6Y1dKaurVEiHp68PN6dX/Nl6GkvkHvHET/I4tGUp2MMA27RsFhCmfQC5HWD/qkFT+WZVaGS9yVX5L+JMV/7sTc4mMCxMczvK+ycFduFq51mh1C0TqfOm6aVJ6Oi+eBIRxr8lMjkNBkBnIuybFuutnxqfkpMdxRJAp55m4DkcfaQRJiMeSA5xFGCOLqjFQ11dgljHVhDcqz1UphONOm9MEL+EPbHgTPj8gFNiLQqypTvvPAB53HwRLufAUKV8hShbd91Zz7ZvDbREYBnUkDmi5gX/3Wzz3R1ZT/tKFcgn61LXwFYYsDOzQaZh/uoHDeP9DViijJv2P8KRcvAiq5WbuphcBFqAx6snLZoEI7OuIx5+N5fChEXgszJMKYVcmniyRALxiTv+Q==\n",
      "type": "string"
    }
  },
  "resources": [
    {
      "mode": "data",
      "type": "azurerm_client_config",
      "name": "current",
      "provider": "provider[\"registry.terraform.io/hashicorp/azurerm\"]",
      "instances": [
        {
          "schema_version": 0,
          "attributes": {
            "client_id": "04b07795-8ddb-461a-bbee-02f9e1bf7b46",
            "id": "2021-12-15 09:57:56.5694705 +0000 UTC",
            "object_id": "a363a68f-8d34-47be-b65c-b0e06569b80f",
            "subscription_id": "6c903494-a6a9-4bb5-80ad-a6b1816c67b3",
            "tenant_id": "a66d2e30-7919-43a0-8b5d-a355f1e2e08d",
            "timeouts": null
          },
          "sensitive_attributes": []
        }
      ]
    },
    {
      "mode": "data",
      "type": "azurerm_key_vault",
      "name": "keyvault",
      "provider": "provider[\"registry.terraform.io/hashicorp/azurerm\"]",
      "instances": [
        {
          "schema_version": 0,
          "attributes": {
            "access_policy": [
              {
                "application_id": "",
                "certificate_permissions": [],
                "key_permissions": [
                  "Create",
                  "Get"
                ],
                "object_id": "a363a68f-8d34-47be-b65c-b0e06569b80f",
                "secret_permissions": [
                  "Set",
                  "Get",
                  "Delete",
                  "Purge",
                  "Recover"
                ],
                "storage_permissions": [],
                "tenant_id": "a66d2e30-7919-43a0-8b5d-a355f1e2e08d"
              }
            ],
            "enabled_for_deployment": false,
            "enabled_for_disk_encryption": false,
            "enabled_for_template_deployment": false,
            "id": "/subscriptions/6c903494-a6a9-4bb5-80ad-a6b1816c67b3/resourceGroups/statestret-rg/providers/Microsoft.KeyVault/vaults/statestret-kv",
            "location": "westus2",
            "name": "statestret-kv",
            "network_acls": [],
            "purge_protection_enabled": false,
            "resource_group_name": "statestret-rg",
            "sku_name": "standard",
            "soft_delete_enabled": true,
            "tags": {
              "environment": "Terraform Demo"
            },
            "tenant_id": "a66d2e30-7919-43a0-8b5d-a355f1e2e08d",
            "timeouts": null,
            "vault_uri": "https://statestret-kv.vault.azure.net/"
          },
          "sensitive_attributes": []
        }
      ]
    },
    {
      "mode": "data",
      "type": "azurerm_key_vault_secret",
      "name": "username",
      "provider": "provider[\"registry.terraform.io/hashicorp/azurerm\"]",
      "instances": [
        {
          "schema_version": 0,
          "attributes": {
            "content_type": "",
            "id": "https://statestret-kv.vault.azure.net/secrets/azureuser/39bc3a3061814745aa42057d42b2a847",
            "key_vault_id": "/subscriptions/6c903494-a6a9-4bb5-80ad-a6b1816c67b3/resourceGroups/statestret-rg/providers/Microsoft.KeyVault/vaults/statestret-kv",
            "name": "azureuser",
            "tags": {},
            "timeouts": null,
            "value": "azureuser",
            "version": "39bc3a3061814745aa42057d42b2a847",
            "versionless_id": "https://statestret-kv.vault.azure.net/secrets/azureuser"
          },
          "sensitive_attributes": []
        }
      ]
    },
    {
      "mode": "data",
      "type": "azurerm_key_vault_secret",
      "name": "vmsecretssh",
      "provider": "provider[\"registry.terraform.io/hashicorp/azurerm\"]",
      "instances": [
        {
          "schema_version": 0,
          "attributes": {
            "content_type": "",
            "id": "https://statestret-kv.vault.azure.net/secrets/statestret-vm01-ssh/4986123d92524119a19b8a360565b11a",
            "key_vault_id": "/subscriptions/6c903494-a6a9-4bb5-80ad-a6b1816c67b3/resourceGroups/statestret-rg/providers/Microsoft.KeyVault/vaults/statestret-kv",
            "name": "statestret-vm01-ssh",
            "tags": {},
            "timeouts": null,
            "value": "ssh-rsa AAAAB3NzaC1yc2EAAAADAQABAAACAQDGNszeSgpeRHtTJ+F/QiuaCvJJou05zUs476RT5SzkpVwKWX5BQr3M0y1fDSG+pEV55OUPzXWekPQkJA2aZ7euQtn3o3WsuYj5ci0sQF7PAQby4DU23+un67kANV1dPr4bO3P/sshMqwez5B94qMHCjymWIcYxBrLAo7avapv6n6CmBcS7IjpHbWnCkukBjBT39ma97+cZbzg+r6ezDTRkIMZJT4GOPIxlEyjWwOa66swkFC1ZlobcDFyA1vGBS9RZAG+R/s/uaLYYzDozG4LeFeHLb6DxFJE5U6Y1dKaurVEiHp68PN6dX/Nl6GkvkHvHET/I4tGUp2MMA27RsFhCmfQC5HWD/qkFT+WZVaGS9yVX5L+JMV/7sTc4mMCxMczvK+ycFduFq51mh1C0TqfOm6aVJ6Oi+eBIRxr8lMjkNBkBnIuybFuutnxqfkpMdxRJAp55m4DkcfaQRJiMeSA5xFGCOLqjFQ11dgljHVhDcqz1UphONOm9MEL+EPbHgTPj8gFNiLQqypTvvPAB53HwRLufAUKV8hShbd91Zz7ZvDbREYBnUkDmi5gX/3Wzz3R1ZT/tKFcgn61LXwFYYsDOzQaZh/uoHDeP9DViijJv2P8KRcvAiq5WbuphcBFqAx6snLZoEI7OuIx5+N5fChEXgszJMKYVcmniyRALxiTv+Q==\n",
            "version": "4986123d92524119a19b8a360565b11a",
            "versionless_id": "https://statestret-kv.vault.azure.net/secrets/statestret-vm01-ssh"
          },
          "sensitive_attributes": []
        }
      ]
    },
    {
      "mode": "managed",
      "type": "azurerm_key_vault",
      "name": "example",
      "provider": "provider[\"registry.terraform.io/hashicorp/azurerm\"]",
      "instances": [
        {
          "schema_version": 2,
          "attributes": {
            "access_policy": [
              {
                "application_id": "",
                "certificate_permissions": null,
                "key_permissions": [
                  "Create",
                  "Get"
                ],
                "object_id": "a363a68f-8d34-47be-b65c-b0e06569b80f",
                "secret_permissions": [
                  "Set",
                  "Get",
                  "Delete",
                  "Purge",
                  "Recover"
                ],
                "storage_permissions": null,
                "tenant_id": "a66d2e30-7919-43a0-8b5d-a355f1e2e08d"
              }
            ],
            "contact": [],
            "enable_rbac_authorization": false,
            "enabled_for_deployment": false,
            "enabled_for_disk_encryption": false,
            "enabled_for_template_deployment": false,
            "id": "/subscriptions/6c903494-a6a9-4bb5-80ad-a6b1816c67b3/resourceGroups/statestret-rg/providers/Microsoft.KeyVault/vaults/statestret-kv",
            "location": "westus2",
            "name": "statestret-kv",
            "network_acls": [
              {
                "bypass": "AzureServices",
                "default_action": "Allow",
                "ip_rules": [],
                "virtual_network_subnet_ids": []
              }
            ],
            "purge_protection_enabled": false,
            "resource_group_name": "statestret-rg",
            "sku_name": "standard",
            "soft_delete_enabled": true,
            "soft_delete_retention_days": 7,
            "tags": {
              "environment": "Terraform Demo"
            },
            "tenant_id": "a66d2e30-7919-43a0-8b5d-a355f1e2e08d",
            "timeouts": null,
            "vault_uri": "https://statestret-kv.vault.azure.net/"
          },
          "sensitive_attributes": [],
          "private": "eyJlMmJmYjczMC1lY2FhLTExZTYtOGY4OC0zNDM2M2JjN2M0YzAiOnsiY3JlYXRlIjoxODAwMDAwMDAwMDAwLCJkZWxldGUiOjE4MDAwMDAwMDAwMDAsInJlYWQiOjMwMDAwMDAwMDAwMCwidXBkYXRlIjoxODAwMDAwMDAwMDAwfSwic2NoZW1hX3ZlcnNpb24iOiIyIn0=",
          "dependencies": [
            "azurerm_resource_group.example",
            "data.azurerm_client_config.current"
          ]
        }
      ]
    },
    {
      "mode": "managed",
      "type": "azurerm_key_vault_secret",
      "name": "example",
      "provider": "provider[\"registry.terraform.io/hashicorp/azurerm\"]",
      "instances": [
        {
          "schema_version": 0,
          "attributes": {
            "content_type": "",
            "expiration_date": null,
            "id": "https://statestret-kv.vault.azure.net/secrets/test-secret/73ae4e0e118a451198fc4b484e8ccc23",
            "key_vault_id": "/subscriptions/6c903494-a6a9-4bb5-80ad-a6b1816c67b3/resourceGroups/statestret-rg/providers/Microsoft.KeyVault/vaults/statestret-kv",
            "name": "test-secret",
            "not_before_date": null,
            "tags": null,
            "timeouts": null,
            "value": "test-secret-value",
            "version": "73ae4e0e118a451198fc4b484e8ccc23",
            "versionless_id": "https://statestret-kv.vault.azure.net/secrets/test-secret"
          },
          "sensitive_attributes": [],
          "private": "eyJlMmJmYjczMC1lY2FhLTExZTYtOGY4OC0zNDM2M2JjN2M0YzAiOnsiY3JlYXRlIjoxODAwMDAwMDAwMDAwLCJkZWxldGUiOjE4MDAwMDAwMDAwMDAsInJlYWQiOjMwMDAwMDAwMDAwMCwidXBkYXRlIjoxODAwMDAwMDAwMDAwfX0=",
          "dependencies": [
            "azurerm_key_vault.example",
            "azurerm_resource_group.example",
            "data.azurerm_client_config.current"
          ]
        }
      ]
    },
    {
      "mode": "managed",
      "type": "azurerm_key_vault_secret",
      "name": "username",
      "provider": "provider[\"registry.terraform.io/hashicorp/azurerm\"]",
      "instances": [
        {
          "schema_version": 0,
          "attributes": {
            "content_type": "",
            "expiration_date": null,
            "id": "https://statestret-kv.vault.azure.net/secrets/azureuser/39bc3a3061814745aa42057d42b2a847",
            "key_vault_id": "/subscriptions/6c903494-a6a9-4bb5-80ad-a6b1816c67b3/resourceGroups/statestret-rg/providers/Microsoft.KeyVault/vaults/statestret-kv",
            "name": "azureuser",
            "not_before_date": null,
            "tags": null,
            "timeouts": null,
            "value": "azureuser",
            "version": "39bc3a3061814745aa42057d42b2a847",
            "versionless_id": "https://statestret-kv.vault.azure.net/secrets/azureuser"
          },
          "sensitive_attributes": [],
          "private": "eyJlMmJmYjczMC1lY2FhLTExZTYtOGY4OC0zNDM2M2JjN2M0YzAiOnsiY3JlYXRlIjoxODAwMDAwMDAwMDAwLCJkZWxldGUiOjE4MDAwMDAwMDAwMDAsInJlYWQiOjMwMDAwMDAwMDAwMCwidXBkYXRlIjoxODAwMDAwMDAwMDAwfX0=",
          "dependencies": [
            "azurerm_key_vault.example",
            "azurerm_resource_group.example",
            "data.azurerm_client_config.current"
          ]
        }
      ]
    },
    {
      "mode": "managed",
      "type": "azurerm_key_vault_secret",
      "name": "vmsecretssh",
      "provider": "provider[\"registry.terraform.io/hashicorp/azurerm\"]",
      "instances": [
        {
          "schema_version": 0,
          "attributes": {
            "content_type": "",
            "expiration_date": null,
            "id": "https://statestret-kv.vault.azure.net/secrets/statestret-vm01-ssh/4986123d92524119a19b8a360565b11a",
            "key_vault_id": "/subscriptions/6c903494-a6a9-4bb5-80ad-a6b1816c67b3/resourceGroups/statestret-rg/providers/Microsoft.KeyVault/vaults/statestret-kv",
            "name": "statestret-vm01-ssh",
            "not_before_date": null,
            "tags": null,
            "timeouts": null,
            "value": "ssh-rsa AAAAB3NzaC1yc2EAAAADAQABAAACAQDGNszeSgpeRHtTJ+F/QiuaCvJJou05zUs476RT5SzkpVwKWX5BQr3M0y1fDSG+pEV55OUPzXWekPQkJA2aZ7euQtn3o3WsuYj5ci0sQF7PAQby4DU23+un67kANV1dPr4bO3P/sshMqwez5B94qMHCjymWIcYxBrLAo7avapv6n6CmBcS7IjpHbWnCkukBjBT39ma97+cZbzg+r6ezDTRkIMZJT4GOPIxlEyjWwOa66swkFC1ZlobcDFyA1vGBS9RZAG+R/s/uaLYYzDozG4LeFeHLb6DxFJE5U6Y1dKaurVEiHp68PN6dX/Nl6GkvkHvHET/I4tGUp2MMA27RsFhCmfQC5HWD/qkFT+WZVaGS9yVX5L+JMV/7sTc4mMCxMczvK+ycFduFq51mh1C0TqfOm6aVJ6Oi+eBIRxr8lMjkNBkBnIuybFuutnxqfkpMdxRJAp55m4DkcfaQRJiMeSA5xFGCOLqjFQ11dgljHVhDcqz1UphONOm9MEL+EPbHgTPj8gFNiLQqypTvvPAB53HwRLufAUKV8hShbd91Zz7ZvDbREYBnUkDmi5gX/3Wzz3R1ZT/tKFcgn61LXwFYYsDOzQaZh/uoHDeP9DViijJv2P8KRcvAiq5WbuphcBFqAx6snLZoEI7OuIx5+N5fChEXgszJMKYVcmniyRALxiTv+Q==\n",
            "version": "4986123d92524119a19b8a360565b11a",
            "versionless_id": "https://statestret-kv.vault.azure.net/secrets/statestret-vm01-ssh"
          },
          "sensitive_attributes": [],
          "private": "eyJlMmJmYjczMC1lY2FhLTExZTYtOGY4OC0zNDM2M2JjN2M0YzAiOnsiY3JlYXRlIjoxODAwMDAwMDAwMDAwLCJkZWxldGUiOjE4MDAwMDAwMDAwMDAsInJlYWQiOjMwMDAwMDAwMDAwMCwidXBkYXRlIjoxODAwMDAwMDAwMDAwfX0=",
          "dependencies": [
            "azurerm_key_vault.example",
            "azurerm_resource_group.example",
            "data.azurerm_client_config.current",
            "tls_private_key.example_ssh"
          ]
        }
      ]
    },
    {
      "mode": "managed",
      "type": "azurerm_linux_virtual_machine",
      "name": "example",
      "provider": "provider[\"registry.terraform.io/hashicorp/azurerm\"]",
      "instances": [
        {
          "schema_version": 0,
          "attributes": {
            "additional_capabilities": [],
            "admin_password": null,
            "admin_ssh_key": [
              {
                "public_key": "ssh-rsa AAAAB3NzaC1yc2EAAAADAQABAAACAQDGNszeSgpeRHtTJ+F/QiuaCvJJou05zUs476RT5SzkpVwKWX5BQr3M0y1fDSG+pEV55OUPzXWekPQkJA2aZ7euQtn3o3WsuYj5ci0sQF7PAQby4DU23+un67kANV1dPr4bO3P/sshMqwez5B94qMHCjymWIcYxBrLAo7avapv6n6CmBcS7IjpHbWnCkukBjBT39ma97+cZbzg+r6ezDTRkIMZJT4GOPIxlEyjWwOa66swkFC1ZlobcDFyA1vGBS9RZAG+R/s/uaLYYzDozG4LeFeHLb6DxFJE5U6Y1dKaurVEiHp68PN6dX/Nl6GkvkHvHET/I4tGUp2MMA27RsFhCmfQC5HWD/qkFT+WZVaGS9yVX5L+JMV/7sTc4mMCxMczvK+ycFduFq51mh1C0TqfOm6aVJ6Oi+eBIRxr8lMjkNBkBnIuybFuutnxqfkpMdxRJAp55m4DkcfaQRJiMeSA5xFGCOLqjFQ11dgljHVhDcqz1UphONOm9MEL+EPbHgTPj8gFNiLQqypTvvPAB53HwRLufAUKV8hShbd91Zz7ZvDbREYBnUkDmi5gX/3Wzz3R1ZT/tKFcgn61LXwFYYsDOzQaZh/uoHDeP9DViijJv2P8KRcvAiq5WbuphcBFqAx6snLZoEI7OuIx5+N5fChEXgszJMKYVcmniyRALxiTv+Q==\n",
                "username": "azureuser"
              }
            ],
            "admin_username": "azureuser",
            "allow_extension_operations": true,
            "availability_set_id": "",
            "boot_diagnostics": [],
            "computer_name": "myvm",
            "custom_data": null,
            "dedicated_host_id": "",
            "disable_password_authentication": true,
            "encryption_at_host_enabled": false,
            "eviction_policy": "",
            "extensions_time_budget": "PT1H30M",
            "id": "/subscriptions/6c903494-a6a9-4bb5-80ad-a6b1816c67b3/resourceGroups/statestret-rg/providers/Microsoft.Compute/virtualMachines/statestret-vm01",
            "identity": [],
            "license_type": "",
            "location": "westus2",
            "max_bid_price": -1,
            "name": "statestret-vm01",
            "network_interface_ids": [
              "/subscriptions/6c903494-a6a9-4bb5-80ad-a6b1816c67b3/resourceGroups/statestret-rg/providers/Microsoft.Network/networkInterfaces/statestret-vm01-nic"
            ],
            "os_disk": [
              {
                "caching": "ReadWrite",
                "diff_disk_settings": [],
                "disk_encryption_set_id": "",
                "disk_size_gb": 30,
                "name": "myOsDisk",
                "storage_account_type": "Premium_LRS",
                "write_accelerator_enabled": false
              }
            ],
            "plan": [],
            "platform_fault_domain": -1,
            "priority": "Regular",
            "private_ip_address": "10.0.2.4",
            "private_ip_addresses": [
              "10.0.2.4"
            ],
            "provision_vm_agent": true,
            "proximity_placement_group_id": "",
            "public_ip_address": "52.183.12.249",
            "public_ip_addresses": [
              "52.183.12.249"
            ],
            "resource_group_name": "statestret-rg",
            "secret": [],
            "size": "Standard_DS1_v2",
            "source_image_id": "",
            "source_image_reference": [
              {
                "offer": "UbuntuServer",
                "publisher": "Canonical",
                "sku": "18.04-LTS",
                "version": "latest"
              }
            ],
            "tags": null,
            "timeouts": null,
            "virtual_machine_id": "dabf31a8-13c7-4192-81ed-42a782554d92",
            "virtual_machine_scale_set_id": "",
            "zone": ""
          },
          "sensitive_attributes": [
            [
              {
                "type": "get_attr",
                "value": "admin_ssh_key"
              }
            ]
          ],
          "private": "eyJlMmJmYjczMC1lY2FhLTExZTYtOGY4OC0zNDM2M2JjN2M0YzAiOnsiY3JlYXRlIjoyNzAwMDAwMDAwMDAwLCJkZWxldGUiOjI3MDAwMDAwMDAwMDAsInJlYWQiOjMwMDAwMDAwMDAwMCwidXBkYXRlIjoyNzAwMDAwMDAwMDAwfX0=",
          "dependencies": [
            "azurerm_key_vault.example",
            "azurerm_key_vault_secret.vmsecretssh",
            "azurerm_network_interface.example",
            "azurerm_public_ip.example",
            "azurerm_resource_group.example",
            "data.azurerm_client_config.current",
            "data.azurerm_key_vault.keyvault",
            "data.azurerm_key_vault_secret.vmsecretssh",
            "module.vnet.azurerm_subnet.subnet",
            "module.vnet.azurerm_virtual_network.vnet",
            "module.vnet.data.azurerm_resource_group.vnet",
            "tls_private_key.example_ssh"
          ]
        }
      ]
    },
    {
      "mode": "managed",
      "type": "azurerm_network_interface",
      "name": "example",
      "provider": "provider[\"registry.terraform.io/hashicorp/azurerm\"]",
      "instances": [
        {
          "schema_version": 0,
          "attributes": {
            "applied_dns_servers": [],
            "dns_servers": [],
            "enable_accelerated_networking": false,
            "enable_ip_forwarding": false,
            "id": "/subscriptions/6c903494-a6a9-4bb5-80ad-a6b1816c67b3/resourceGroups/statestret-rg/providers/Microsoft.Network/networkInterfaces/statestret-vm01-nic",
            "internal_dns_name_label": "",
            "internal_domain_name_suffix": "ajeupaaipzeezkwhgjoercinqc.xx.internal.cloudapp.net",
            "ip_configuration": [
              {
                "name": "internal",
                "primary": true,
                "private_ip_address": "10.0.2.4",
                "private_ip_address_allocation": "Dynamic",
                "private_ip_address_version": "IPv4",
                "public_ip_address_id": "/subscriptions/6c903494-a6a9-4bb5-80ad-a6b1816c67b3/resourceGroups/statestret-rg/providers/Microsoft.Network/publicIPAddresses/statestret-vm01-publicip",
                "subnet_id": "/subscriptions/6c903494-a6a9-4bb5-80ad-a6b1816c67b3/resourceGroups/statestret-rg/providers/Microsoft.Network/virtualNetworks/statestret-vnet/subnets/statestret-subnet-1"
              }
            ],
            "location": "westus2",
            "mac_address": "",
            "name": "statestret-vm01-nic",
            "private_ip_address": "10.0.2.4",
            "private_ip_addresses": [
              "10.0.2.4"
            ],
            "resource_group_name": "statestret-rg",
            "tags": null,
            "timeouts": null,
            "virtual_machine_id": ""
          },
          "sensitive_attributes": [],
          "private": "eyJlMmJmYjczMC1lY2FhLTExZTYtOGY4OC0zNDM2M2JjN2M0YzAiOnsiY3JlYXRlIjoxODAwMDAwMDAwMDAwLCJkZWxldGUiOjE4MDAwMDAwMDAwMDAsInJlYWQiOjMwMDAwMDAwMDAwMCwidXBkYXRlIjoxODAwMDAwMDAwMDAwfX0=",
          "dependencies": [
            "azurerm_public_ip.example",
            "azurerm_resource_group.example",
            "module.vnet.azurerm_subnet.subnet",
            "module.vnet.azurerm_virtual_network.vnet",
            "module.vnet.data.azurerm_resource_group.vnet"
          ]
        }
      ]
    },
    {
      "mode": "managed",
      "type": "azurerm_network_interface_security_group_association",
      "name": "example",
      "provider": "provider[\"registry.terraform.io/hashicorp/azurerm\"]",
      "instances": [
        {
          "schema_version": 0,
          "attributes": {
            "id": "/subscriptions/6c903494-a6a9-4bb5-80ad-a6b1816c67b3/resourceGroups/statestret-rg/providers/Microsoft.Network/networkInterfaces/statestret-vm01-nic|/subscriptions/6c903494-a6a9-4bb5-80ad-a6b1816c67b3/resourceGroups/statestret-rg/providers/Microsoft.Network/networkSecurityGroups/myNetworkSecurityGroup",
            "network_interface_id": "/subscriptions/6c903494-a6a9-4bb5-80ad-a6b1816c67b3/resourceGroups/statestret-rg/providers/Microsoft.Network/networkInterfaces/statestret-vm01-nic",
            "network_security_group_id": "/subscriptions/6c903494-a6a9-4bb5-80ad-a6b1816c67b3/resourceGroups/statestret-rg/providers/Microsoft.Network/networkSecurityGroups/myNetworkSecurityGroup",
            "timeouts": null
          },
          "sensitive_attributes": [],
          "private": "eyJlMmJmYjczMC1lY2FhLTExZTYtOGY4OC0zNDM2M2JjN2M0YzAiOnsiY3JlYXRlIjoxODAwMDAwMDAwMDAwLCJkZWxldGUiOjE4MDAwMDAwMDAwMDAsInJlYWQiOjMwMDAwMDAwMDAwMCwidXBkYXRlIjoxODAwMDAwMDAwMDAwfX0=",
          "dependencies": [
            "azurerm_network_interface.example",
            "azurerm_network_security_group.example",
            "azurerm_public_ip.example",
            "azurerm_resource_group.example",
            "module.vnet.azurerm_subnet.subnet",
            "module.vnet.azurerm_virtual_network.vnet",
            "module.vnet.data.azurerm_resource_group.vnet"
          ]
        }
      ]
    },
    {
      "mode": "managed",
      "type": "azurerm_network_security_group",
      "name": "example",
      "provider": "provider[\"registry.terraform.io/hashicorp/azurerm\"]",
      "instances": [
        {
          "schema_version": 0,
          "attributes": {
            "id": "/subscriptions/6c903494-a6a9-4bb5-80ad-a6b1816c67b3/resourceGroups/statestret-rg/providers/Microsoft.Network/networkSecurityGroups/myNetworkSecurityGroup",
            "location": "westus2",
            "name": "myNetworkSecurityGroup",
            "resource_group_name": "statestret-rg",
            "security_rule": [
              {
                "access": "Allow",
                "description": "",
                "destination_address_prefix": "*",
                "destination_address_prefixes": [],
                "destination_application_security_group_ids": [],
                "destination_port_range": "22",
                "destination_port_ranges": [],
                "direction": "Inbound",
                "name": "SSH",
                "priority": 1001,
                "protocol": "Tcp",
                "source_address_prefix": "*",
                "source_address_prefixes": [],
                "source_application_security_group_ids": [],
                "source_port_range": "*",
                "source_port_ranges": []
              }
            ],
            "tags": {
              "environment": "Terraform Demo"
            },
            "timeouts": null
          },
          "sensitive_attributes": [],
          "private": "eyJlMmJmYjczMC1lY2FhLTExZTYtOGY4OC0zNDM2M2JjN2M0YzAiOnsiY3JlYXRlIjoxODAwMDAwMDAwMDAwLCJkZWxldGUiOjE4MDAwMDAwMDAwMDAsInJlYWQiOjMwMDAwMDAwMDAwMCwidXBkYXRlIjoxODAwMDAwMDAwMDAwfX0=",
          "dependencies": [
            "azurerm_resource_group.example"
          ]
        }
      ]
    },
    {
      "mode": "managed",
      "type": "azurerm_policy_assignment",
      "name": "example",
      "provider": "provider[\"registry.terraform.io/hashicorp/azurerm\"]",
      "instances": [
        {
          "schema_version": 0,
          "attributes": {
            "description": "Policy Assignment created via an Acceptance Test",
            "display_name": "My Example Policy Assignment",
            "enforcement_mode": true,
            "id": "/subscriptions/6c903494-a6a9-4bb5-80ad-a6b1816c67b3/resourceGroups/statestret-rg/providers/Microsoft.Authorization/policyAssignments/example-policy-assignment",
            "identity": [],
            "location": "",
            "metadata": "{\"category\":\"General\",\"createdBy\":\"a363a68f-8d34-47be-b65c-b0e06569b80f\",\"createdOn\":\"2021-12-15T09:59:46.6628463Z\",\"updatedBy\":null,\"updatedOn\":null}",
            "name": "example-policy-assignment",
            "not_scopes": null,
            "parameters": "{\"allowedLocations\":{\"value\":[\"west us\",\"east us\"]}}",
            "policy_definition_id": "/subscriptions/6c903494-a6a9-4bb5-80ad-a6b1816c67b3/providers/Microsoft.Authorization/policyDefinitions/my-policy-definition",
            "scope": "/subscriptions/6c903494-a6a9-4bb5-80ad-a6b1816c67b3/resourceGroups/statestret-rg",
            "timeouts": null
          },
          "sensitive_attributes": [],
          "private": "eyJlMmJmYjczMC1lY2FhLTExZTYtOGY4OC0zNDM2M2JjN2M0YzAiOnsiY3JlYXRlIjoxODAwMDAwMDAwMDAwLCJkZWxldGUiOjE4MDAwMDAwMDAwMDAsInJlYWQiOjMwMDAwMDAwMDAwMCwidXBkYXRlIjoxODAwMDAwMDAwMDAwfX0=",
          "dependencies": [
            "azurerm_policy_definition.example",
            "azurerm_resource_group.example"
          ]
        }
      ]
    },
    {
      "mode": "managed",
      "type": "azurerm_policy_definition",
      "name": "example",
      "provider": "provider[\"registry.terraform.io/hashicorp/azurerm\"]",
      "instances": [
        {
          "schema_version": 0,
          "attributes": {
            "description": "",
            "display_name": "my-policy-definition",
            "id": "/subscriptions/6c903494-a6a9-4bb5-80ad-a6b1816c67b3/providers/Microsoft.Authorization/policyDefinitions/my-policy-definition",
            "management_group_id": "",
            "management_group_name": "",
            "metadata": "{\"createdBy\":\"a363a68f-8d34-47be-b65c-b0e06569b80f\",\"createdOn\":\"2021-12-15T09:58:15.9428643Z\",\"updatedBy\":null,\"updatedOn\":null}",
            "mode": "All",
            "name": "my-policy-definition",
            "parameters": "{\"allowedLocations\":{\"type\":\"Array\",\"metadata\":{\"description\":\"The list of allowed locations for resources.\",\"displayName\":\"Allowed locations\",\"strongType\":\"location\"}}}",
            "policy_rule": "{\"if\":{\"not\":{\"field\":\"location\",\"in\":\"[parameters('allowedLocations')]\"}},\"then\":{\"effect\":\"audit\"}}",
            "policy_type": "Custom",
            "timeouts": null
          },
          "sensitive_attributes": [],
          "private": "eyJlMmJmYjczMC1lY2FhLTExZTYtOGY4OC0zNDM2M2JjN2M0YzAiOnsiY3JlYXRlIjoxODAwMDAwMDAwMDAwLCJkZWxldGUiOjE4MDAwMDAwMDAwMDAsInJlYWQiOjMwMDAwMDAwMDAwMCwidXBkYXRlIjoxODAwMDAwMDAwMDAwfX0="
        }
      ]
    },
    {
      "mode": "managed",
      "type": "azurerm_public_ip",
      "name": "example",
      "provider": "provider[\"registry.terraform.io/hashicorp/azurerm\"]",
      "instances": [
        {
          "schema_version": 0,
          "attributes": {
            "allocation_method": "Dynamic",
            "availability_zone": "No-Zone",
            "domain_name_label": null,
            "fqdn": null,
            "id": "/subscriptions/6c903494-a6a9-4bb5-80ad-a6b1816c67b3/resourceGroups/statestret-rg/providers/Microsoft.Network/publicIPAddresses/statestret-vm01-publicip",
            "idle_timeout_in_minutes": 4,
            "ip_address": "",
            "ip_tags": null,
            "ip_version": "IPv4",
            "location": "westus2",
            "name": "statestret-vm01-publicip",
            "public_ip_prefix_id": null,
            "resource_group_name": "statestret-rg",
            "reverse_fqdn": null,
            "sku": "Basic",
            "sku_tier": "Regional",
            "tags": {
              "environment": "Terraform Demo"
            },
            "timeouts": null,
            "zones": []
          },
          "sensitive_attributes": [],
          "private": "eyJlMmJmYjczMC1lY2FhLTExZTYtOGY4OC0zNDM2M2JjN2M0YzAiOnsiY3JlYXRlIjoxODAwMDAwMDAwMDAwLCJkZWxldGUiOjE4MDAwMDAwMDAwMDAsInJlYWQiOjMwMDAwMDAwMDAwMCwidXBkYXRlIjoxODAwMDAwMDAwMDAwfX0=",
          "dependencies": [
            "azurerm_resource_group.example"
          ]
        }
      ]
    },
    {
      "mode": "managed",
      "type": "azurerm_resource_group",
      "name": "example",
      "provider": "provider[\"registry.terraform.io/hashicorp/azurerm\"]",
      "instances": [
        {
          "schema_version": 0,
          "attributes": {
            "id": "/subscriptions/6c903494-a6a9-4bb5-80ad-a6b1816c67b3/resourceGroups/statestret-rg",
            "location": "westus2",
            "name": "statestret-rg",
            "tags": {
              "environment": "Terraform Demo"
            },
            "timeouts": null
          },
          "sensitive_attributes": [],
          "private": "eyJlMmJmYjczMC1lY2FhLTExZTYtOGY4OC0zNDM2M2JjN2M0YzAiOnsiY3JlYXRlIjo1NDAwMDAwMDAwMDAwLCJkZWxldGUiOjU0MDAwMDAwMDAwMDAsInJlYWQiOjMwMDAwMDAwMDAwMCwidXBkYXRlIjo1NDAwMDAwMDAwMDAwfX0="
        }
      ]
    },
    {
      "mode": "managed",
      "type": "azurerm_storage_account",
      "name": "example",
      "provider": "provider[\"registry.terraform.io/hashicorp/azurerm\"]",
      "instances": [
        {
          "schema_version": 2,
          "attributes": {
            "access_tier": "Hot",
            "account_kind": "StorageV2",
            "account_replication_type": "LRS",
            "account_tier": "Standard",
            "allow_blob_public_access": false,
            "azure_files_authentication": [],
            "blob_properties": [
              {
                "change_feed_enabled": false,
                "container_delete_retention_policy": [],
                "cors_rule": [],
                "default_service_version": "",
                "delete_retention_policy": [],
                "last_access_time_enabled": false,
                "versioning_enabled": false
              }
            ],
            "custom_domain": [],
            "enable_https_traffic_only": true,
            "id": "/subscriptions/6c903494-a6a9-4bb5-80ad-a6b1816c67b3/resourceGroups/statestret-rg/providers/Microsoft.Storage/storageAccounts/staccnttest22",
            "identity": [],
            "is_hns_enabled": false,
            "large_file_share_enabled": null,
            "location": "westus2",
            "min_tls_version": "TLS1_0",
            "name": "staccnttest22",
            "network_rules": [
              {
                "bypass": [
                  "AzureServices"
                ],
                "default_action": "Allow",
                "ip_rules": [],
                "private_link_access": [],
                "virtual_network_subnet_ids": []
              }
            ],
            "nfsv3_enabled": false,
            "primary_access_key": "MFpTTe2G2h8VJOAkOQ+LrfFiBn5/gO+7tySYPnQp+mNNJ/DAr46YTEkXfacFVkUZtwnNwidSiUEJnoFGY2t75Q==",
            "primary_blob_connection_string": "DefaultEndpointsProtocol=https;BlobEndpoint=https://staccnttest22.blob.core.windows.net/;AccountName=staccnttest22;AccountKey=MFpTTe2G2h8VJOAkOQ+LrfFiBn5/gO+7tySYPnQp+mNNJ/DAr46YTEkXfacFVkUZtwnNwidSiUEJnoFGY2t75Q==",
            "primary_blob_endpoint": "https://staccnttest22.blob.core.windows.net/",
            "primary_blob_host": "staccnttest22.blob.core.windows.net",
            "primary_connection_string": "DefaultEndpointsProtocol=https;AccountName=staccnttest22;AccountKey=MFpTTe2G2h8VJOAkOQ+LrfFiBn5/gO+7tySYPnQp+mNNJ/DAr46YTEkXfacFVkUZtwnNwidSiUEJnoFGY2t75Q==;EndpointSuffix=core.windows.net",
            "primary_dfs_endpoint": "https://staccnttest22.dfs.core.windows.net/",
            "primary_dfs_host": "staccnttest22.dfs.core.windows.net",
            "primary_file_endpoint": "https://staccnttest22.file.core.windows.net/",
            "primary_file_host": "staccnttest22.file.core.windows.net",
            "primary_location": "westus2",
            "primary_queue_endpoint": "https://staccnttest22.queue.core.windows.net/",
            "primary_queue_host": "staccnttest22.queue.core.windows.net",
            "primary_table_endpoint": "https://staccnttest22.table.core.windows.net/",
            "primary_table_host": "staccnttest22.table.core.windows.net",
            "primary_web_endpoint": "https://staccnttest22.z5.web.core.windows.net/",
            "primary_web_host": "staccnttest22.z5.web.core.windows.net",
            "queue_properties": [
              {
                "cors_rule": [],
                "hour_metrics": [
                  {
                    "enabled": true,
                    "include_apis": true,
                    "retention_policy_days": 7,
                    "version": "1.0"
                  }
                ],
                "logging": [
                  {
                    "delete": false,
                    "read": false,
                    "retention_policy_days": 0,
                    "version": "1.0",
                    "write": false
                  }
                ],
                "minute_metrics": [
                  {
                    "enabled": false,
                    "include_apis": false,
                    "retention_policy_days": 0,
                    "version": "1.0"
                  }
                ]
              }
            ],
            "resource_group_name": "statestret-rg",
            "routing": [],
            "secondary_access_key": "CvonTwVdQbeNdGZ2Ao6emJJdKa6cgZ0NhO4ufI0WxpsJ97z7gPWFRBx+e8+tKrHZLkjfY7MB8PcYxKze4sXiNw==",
            "secondary_blob_connection_string": "",
            "secondary_blob_endpoint": null,
            "secondary_blob_host": null,
            "secondary_connection_string": "DefaultEndpointsProtocol=https;AccountName=staccnttest22;AccountKey=CvonTwVdQbeNdGZ2Ao6emJJdKa6cgZ0NhO4ufI0WxpsJ97z7gPWFRBx+e8+tKrHZLkjfY7MB8PcYxKze4sXiNw==;EndpointSuffix=core.windows.net",
            "secondary_dfs_endpoint": null,
            "secondary_dfs_host": null,
            "secondary_file_endpoint": null,
            "secondary_file_host": null,
            "secondary_location": "",
            "secondary_queue_endpoint": null,
            "secondary_queue_host": null,
            "secondary_table_endpoint": null,
            "secondary_table_host": null,
            "secondary_web_endpoint": null,
            "secondary_web_host": null,
            "share_properties": [
              {
                "cors_rule": [],
                "retention_policy": [
                  {
                    "days": 7
                  }
                ],
                "smb": []
              }
            ],
            "static_website": [],
            "tags": {
              "environment": "Terraform Demo"
            },
            "timeouts": null
          },
          "sensitive_attributes": [],
          "private": "eyJlMmJmYjczMC1lY2FhLTExZTYtOGY4OC0zNDM2M2JjN2M0YzAiOnsiY3JlYXRlIjozNjAwMDAwMDAwMDAwLCJkZWxldGUiOjM2MDAwMDAwMDAwMDAsInJlYWQiOjMwMDAwMDAwMDAwMCwidXBkYXRlIjozNjAwMDAwMDAwMDAwfSwic2NoZW1hX3ZlcnNpb24iOiIyIn0=",
          "dependencies": [
            "azurerm_resource_group.example"
          ]
        }
      ]
    },
    {
      "mode": "managed",
      "type": "azurerm_storage_container",
      "name": "example",
      "provider": "provider[\"registry.terraform.io/hashicorp/azurerm\"]",
      "instances": [
        {
          "schema_version": 1,
          "attributes": {
            "container_access_type": "private",
            "has_immutability_policy": false,
            "has_legal_hold": false,
            "id": "https://staccnttest22.blob.core.windows.net/tf-statefile",
            "metadata": {},
            "name": "tf-statefile",
            "resource_manager_id": "/subscriptions/6c903494-a6a9-4bb5-80ad-a6b1816c67b3/resourceGroups/statestret-rg/providers/Microsoft.Storage/storageAccounts/staccnttest22/blobServices/default/containers/tf-statefile",
            "storage_account_name": "staccnttest22",
            "timeouts": null
          },
          "sensitive_attributes": [],
          "private": "eyJlMmJmYjczMC1lY2FhLTExZTYtOGY4OC0zNDM2M2JjN2M0YzAiOnsiY3JlYXRlIjoxODAwMDAwMDAwMDAwLCJkZWxldGUiOjE4MDAwMDAwMDAwMDAsInJlYWQiOjMwMDAwMDAwMDAwMCwidXBkYXRlIjoxODAwMDAwMDAwMDAwfSwic2NoZW1hX3ZlcnNpb24iOiIxIn0=",
          "dependencies": [
            "azurerm_resource_group.example",
            "azurerm_storage_account.example"
          ]
        }
      ]
    },
    {
      "mode": "managed",
      "type": "tls_private_key",
      "name": "example_ssh",
      "provider": "provider[\"registry.terraform.io/hashicorp/tls\"]",
      "instances": [
        {
          "schema_version": 0,
          "attributes": {
            "algorithm": "RSA",
            "ecdsa_curve": "P224",
            "id": "a4640323150718c898f5f2071fd8113d35e107a7",
            "private_key_pem": "-----BEGIN RSA PRIVATE KEY-----\nMIIJJwIBAAKCAgEAxjbM3koKXkR7Uyfhf0IrmgrySaLtOc1LOO+kU+Us5KVcCll+\nQUK9zNMtXw0hvqRFeeTlD811npD0JCQNmme3rkLZ96N1rLmI+XItLEBezwEG8uA1\nNt/rp+u5ADVdXT6+Gztz/7LITKsHs+QfeKjBwo8pliHGMQaywKO2r2qb+p+gpgXE\nuyI6R21pwpLpAYwU9/Zmve/nGW84Pq+nsw00ZCDGSU+BjjyMZRMo1sDmuurMJBQt\nWZaG3AxcgNbxgUvUWQBvkf7P7mi2GMw6MxuC3hXhy2+g8RSROVOmNXSmrq1RIh6e\nvDzenV/zZehpL5B7xxE/yOLRlKdjDANu0bBYQpn0AuR1g/6pBU/lmVWhkvclV+S/\niTFf+7E3OJjAsTHM7yvsnBXbhaudZodQtE6nzpumlSejovngSEca/JTI5DQZAZyL\nsmxbrrZ8an5KTHcUSQKeeZuA5HH2kESYjHkgOcRRgji6oxUNdXYJYx1YQ3Ks9VKY\nTjTpvTBC/hD2x4Ez4/IBTYi0KsqU77zwAedx8ES7nwFClfIUoW3fdWc+2bw20RGA\nZ1JA5ouYF/91s890dWU/7ShXIJ+tS18BWGLAzs0GmYf7qBw3j/Q1Yooyb9j/CkXL\nwIquVm7qYXARagMerJy2aBCOzriMefjeXwoRF4LMyTCmFXJp4skQC8Yk7/kCAwEA\nAQKCAgAK4D7lg5KGEaPisDGDVhImZatdtv7lSQpzmVKe99g6w4gFWVvAIPVhI8U9\nje7oEwNs6M5Yy6FEjheXVBMbAc3mVey31dRDIfsOFOG9p9qL6TaEZSEGXcsEb766\n8DKrRyIPRHfc8+ZhrpDBoibH7BqVnl1dy4SgdAmi4FjJz0O3wMKD2ZUt33brLGm9\nL2pxl0ofQPnqOhuoHZ4scl71SCgzxkibBS3KrC/X6/E1t2fxoaiJ4kGKxOOpd1Qs\nDZ86xPpl18xHan/mSQCU47/dxgisPu8gxoNCNyqwxpI8JKZwtznYcW2sTnq4j+c/\nFD2RSpBAIAYr86YkTfr1Ucrm3pI5HIcqboEsSu3PVh3zbvJ3QRpQgQhKM+zV8plk\nzYVkiDxoYtFkIhpqTqUVphXGSpEWm19/1laYfxjWSdoMvEJDeufRP3+t1qeZyTM8\nXh5DG303R43WmVZvNx9/Q4wLh+kVctP64NwS+QidEx/kuw3sEZe5M6UkvUEZPnmI\nynhQED8pJcwt0Xt87NR5UCSXYiex42kKXeFk0NaYfATdC/5me2az5XPGsJAOAbxi\nHhSqiZkhjVQMSRl9uLYM0a2IL6bgN3zBa762d8jzhOvnK9sNFmiOuwpZUfb+4L0J\nM+bWkaTsr27pCd00ciVPyK+IqdMasTRCG0z0wzDuq6bGC+lhcQKCAQEA0Ph3YCF0\nrn/U8ochECPPmzmww36QEO/02Gpn+aOhZCwv3vWJZfgqYdLrNJrWAnnjnw6/FVn8\nKFI8Ap0OTr2y8eKx6XZjUyh8PL1Awn2o/Eja8kWwKfE51M7ULRZA7RVlw88Cmtgw\n7bVCfRu3l0XrG8zkdzSz1+5nSG5YgAlEhGiqu1yO3fl7WKoOdcfiuAxhLxq4Yg5M\nNXxt3oM17szU4YoBb2ymQU1sq4XcVmS5D6zz+wN/hwbpLdSHxZGOjuJfGBR4U337\n2zG3knuQRubFh5pfsaVVT/Bx6hk1jdcTjv7uVcvE1Vj5HTX37alouW7FlSvM7Tex\n+y7MAHqypd36rwKCAQEA8tKdDZx5hYvW9HxCY0GFmL9miSKO5UaaZKod3nV55zCB\n2PDiB2m8CA3y+1R0DrcWzpi/KOU2yXyUMRqmWXqNcBvRUH1vrgcHIomEMO8B5UWu\nFInlsY8OvSPc6Emxfp1iGpsmtinuzNHtOYAMIe6HEx3x3O5BD/crypZWHhcw78AE\nv83HF2o2HT5ydkqckbRvQUXvhrtbhIneg9+7R8pnQNHhRvodluDIoGY/eL5a1kyM\noV2hX/oEmbrBVzRs6UrwiQX/kVA9BPrKAqgo2OvrI7bhkPDbsApu7ngwFp73mAo4\nafiOrGKpg9zHGTVvhsFSec5PutAOmLZCBo72aFzJ1wKCAQAZ75yxW7Wlqsv9RfQ+\nkpNDysc7nEu5Lm8PJTW+cCapzioq3AKvmzt3ZLw4jTcem446wZPJzJ9VSc+U63VJ\nJJY/G0nFliIBwjaZO0v8V6hPl6NFCo0wx3XMCdefuPFZ+5vjz5+dJFP+TM7xxCzn\nI5BopOd+PBZOKJK9FKT7Tysn2+3Ez1oUBtDeUkz1JVfoS/EL7Z8Q3IFs6gKg6Vwa\nRWXukDhZYfzIghmIuFZ+ioXFgkvNzcNYOO1b+NLZHJW6+jGfRXshsbM+o08LaTag\n9idyCyDxZXnPMCKTUYmqDxWoW8+s6luFt0ND8tzQrIQI78yqFQOcNZtrd4VuUcw2\ndfSVAoIBABBq2wGDldfIp6TqDdcGJBE6x6T3+C9aQbASrGhRCwftiKnxR2b26Can\nQslpYVtpV5pqS2ppbPXcfWyAf8TG+28cAl/tyzI5+WqFX7GrRzaIKofq9uO1Z2q0\nVQhDi0OjQnHIEar5VNL2UpKzrJ5SsUFCogqs9SsuLADLf1ETglSDaA7Ly+0yWixJ\n/5Ut4D4ds/P21YYHft2MMMY7xz7IWYjRZ+jTmlKMKiRmJV51iFC65js2yGVj0xHN\nxaquubpgPbkV9byOb0G57xSU6AYalVBZ2hBhqIjTe8KVz7KH1vepoTzQ+FyBYzKu\nJ6v1p++1fG0N3OgljwcWM4qb+d7+fwsCggEAIgX21yV2nRhC+jf06vOeL60RfGFb\nJ0Fp51v3451f3jKq6xmVmtLf5QTzoVbsGnN/mF26NVaSKVtyPL+A/MA5AU1hCBKK\nLtgJlObvrreeTa0J85THqVjmBAMfUuUPRRlXJmESIF5HRGEWdxFjh1jCuCAu+S3j\ny8nSDH70vnZD+QOsxhctACwzUz/wImNEWiwRVadLaAntFNCFybQs0jkjQm9lJz+B\nJ7hm9QGy0fMmO0lcNLSUIYDo2lTnrzDU4J4b/mqUSTQFFvHKCK1pXYiTrQ4BPboT\nc7xlp2TbnzfBGgMSklYXNlJxkhSlNE20Hpa3pK5IxJtEVv5+1zbxAvjJrw==\n-----END RSA PRIVATE KEY-----\n",
            "public_key_fingerprint_md5": "7c:d7:13:7a:88:73:ec:35:5a:69:f4:7c:eb:7e:7e:0d",
            "public_key_openssh": "ssh-rsa AAAAB3NzaC1yc2EAAAADAQABAAACAQDGNszeSgpeRHtTJ+F/QiuaCvJJou05zUs476RT5SzkpVwKWX5BQr3M0y1fDSG+pEV55OUPzXWekPQkJA2aZ7euQtn3o3WsuYj5ci0sQF7PAQby4DU23+un67kANV1dPr4bO3P/sshMqwez5B94qMHCjymWIcYxBrLAo7avapv6n6CmBcS7IjpHbWnCkukBjBT39ma97+cZbzg+r6ezDTRkIMZJT4GOPIxlEyjWwOa66swkFC1ZlobcDFyA1vGBS9RZAG+R/s/uaLYYzDozG4LeFeHLb6DxFJE5U6Y1dKaurVEiHp68PN6dX/Nl6GkvkHvHET/I4tGUp2MMA27RsFhCmfQC5HWD/qkFT+WZVaGS9yVX5L+JMV/7sTc4mMCxMczvK+ycFduFq51mh1C0TqfOm6aVJ6Oi+eBIRxr8lMjkNBkBnIuybFuutnxqfkpMdxRJAp55m4DkcfaQRJiMeSA5xFGCOLqjFQ11dgljHVhDcqz1UphONOm9MEL+EPbHgTPj8gFNiLQqypTvvPAB53HwRLufAUKV8hShbd91Zz7ZvDbREYBnUkDmi5gX/3Wzz3R1ZT/tKFcgn61LXwFYYsDOzQaZh/uoHDeP9DViijJv2P8KRcvAiq5WbuphcBFqAx6snLZoEI7OuIx5+N5fChEXgszJMKYVcmniyRALxiTv+Q==\n",
            "public_key_pem": "-----BEGIN PUBLIC KEY-----\nMIICIjANBgkqhkiG9w0BAQEFAAOCAg8AMIICCgKCAgEAxjbM3koKXkR7Uyfhf0Ir\nmgrySaLtOc1LOO+kU+Us5KVcCll+QUK9zNMtXw0hvqRFeeTlD811npD0JCQNmme3\nrkLZ96N1rLmI+XItLEBezwEG8uA1Nt/rp+u5ADVdXT6+Gztz/7LITKsHs+QfeKjB\nwo8pliHGMQaywKO2r2qb+p+gpgXEuyI6R21pwpLpAYwU9/Zmve/nGW84Pq+nsw00\nZCDGSU+BjjyMZRMo1sDmuurMJBQtWZaG3AxcgNbxgUvUWQBvkf7P7mi2GMw6MxuC\n3hXhy2+g8RSROVOmNXSmrq1RIh6evDzenV/zZehpL5B7xxE/yOLRlKdjDANu0bBY\nQpn0AuR1g/6pBU/lmVWhkvclV+S/iTFf+7E3OJjAsTHM7yvsnBXbhaudZodQtE6n\nzpumlSejovngSEca/JTI5DQZAZyLsmxbrrZ8an5KTHcUSQKeeZuA5HH2kESYjHkg\nOcRRgji6oxUNdXYJYx1YQ3Ks9VKYTjTpvTBC/hD2x4Ez4/IBTYi0KsqU77zwAedx\n8ES7nwFClfIUoW3fdWc+2bw20RGAZ1JA5ouYF/91s890dWU/7ShXIJ+tS18BWGLA\nzs0GmYf7qBw3j/Q1Yooyb9j/CkXLwIquVm7qYXARagMerJy2aBCOzriMefjeXwoR\nF4LMyTCmFXJp4skQC8Yk7/kCAwEAAQ==\n-----END PUBLIC KEY-----\n",
            "rsa_bits": 4096
          },
          "sensitive_attributes": [],
          "private": "bnVsbA=="
        }
      ]
    },
    {
      "module": "module.vnet",
      "mode": "data",
      "type": "azurerm_resource_group",
      "name": "vnet",
      "provider": "provider[\"registry.terraform.io/hashicorp/azurerm\"]",
      "instances": [
        {
          "schema_version": 0,
          "attributes": {
            "id": "/subscriptions/6c903494-a6a9-4bb5-80ad-a6b1816c67b3/resourceGroups/statestret-rg",
            "location": "westus2",
            "name": "statestret-rg",
            "tags": {
              "environment": "Terraform Demo"
            },
            "timeouts": null
          },
          "sensitive_attributes": []
        }
      ]
    },
    {
      "module": "module.vnet",
      "mode": "managed",
      "type": "azurerm_subnet",
      "name": "subnet",
      "provider": "provider[\"registry.terraform.io/hashicorp/azurerm\"]",
      "instances": [
        {
          "index_key": 0,
          "schema_version": 0,
          "attributes": {
            "address_prefix": "10.0.2.0/24",
            "address_prefixes": [
              "10.0.2.0/24"
            ],
            "delegation": [],
            "enforce_private_link_endpoint_network_policies": false,
            "enforce_private_link_service_network_policies": false,
            "id": "/subscriptions/6c903494-a6a9-4bb5-80ad-a6b1816c67b3/resourceGroups/statestret-rg/providers/Microsoft.Network/virtualNetworks/statestret-vnet/subnets/statestret-subnet-1",
            "name": "statestret-subnet-1",
            "resource_group_name": "statestret-rg",
            "service_endpoint_policy_ids": null,
            "service_endpoints": null,
            "timeouts": null,
            "virtual_network_name": "statestret-vnet"
          },
          "sensitive_attributes": [],
          "private": "eyJlMmJmYjczMC1lY2FhLTExZTYtOGY4OC0zNDM2M2JjN2M0YzAiOnsiY3JlYXRlIjoxODAwMDAwMDAwMDAwLCJkZWxldGUiOjE4MDAwMDAwMDAwMDAsInJlYWQiOjMwMDAwMDAwMDAwMCwidXBkYXRlIjoxODAwMDAwMDAwMDAwfX0=",
          "dependencies": [
            "azurerm_resource_group.example",
            "module.vnet.azurerm_virtual_network.vnet",
            "module.vnet.data.azurerm_resource_group.vnet"
          ]
        }
      ]
    },
    {
      "module": "module.vnet",
      "mode": "managed",
      "type": "azurerm_virtual_network",
      "name": "vnet",
      "provider": "provider[\"registry.terraform.io/hashicorp/azurerm\"]",
      "instances": [
        {
          "schema_version": 0,
          "attributes": {
            "address_space": [
              "10.0.0.0/16"
            ],
            "bgp_community": "",
            "ddos_protection_plan": [],
            "dns_servers": [],
            "guid": "80474902-7e08-4c48-aac7-325c48890d82",
            "id": "/subscriptions/6c903494-a6a9-4bb5-80ad-a6b1816c67b3/resourceGroups/statestret-rg/providers/Microsoft.Network/virtualNetworks/statestret-vnet",
            "location": "westus2",
            "name": "statestret-vnet",
            "resource_group_name": "statestret-rg",
            "subnet": [],
            "tags": null,
            "timeouts": null,
            "vm_protection_enabled": false
          },
          "sensitive_attributes": [],
          "private": "eyJlMmJmYjczMC1lY2FhLTExZTYtOGY4OC0zNDM2M2JjN2M0YzAiOnsiY3JlYXRlIjoxODAwMDAwMDAwMDAwLCJkZWxldGUiOjE4MDAwMDAwMDAwMDAsInJlYWQiOjMwMDAwMDAwMDAwMCwidXBkYXRlIjoxODAwMDAwMDAwMDAwfX0=",
          "dependencies": [
            "azurerm_resource_group.example",
            "module.vnet.data.azurerm_resource_group.vnet"
          ]
        }
      ]
    }
  ]
}
