{
  "version": 4,
  "terraform_version": "1.0.11",
  "serial": 96,
  "lineage": "ea3cfc3a-e8af-b3e0-f5df-1131345bfe16",
  "outputs": {
    "kv_id": {
      "value": "/subscriptions/6c903494-a6a9-4bb5-80ad-a6b1816c67b3/resourceGroups/statestreet-rg/providers/Microsoft.KeyVault/vaults/statestreet-kv",
      "type": "string"
    },
    "tls_private_key": {
      "value": "-----BEGIN RSA PRIVATE KEY-----\nMIIJKAIBAAKCAgEAm3PJaww9iir7+zK/JrtxbPFJHJwr2b8zO8NTftRWgCUpYgIF\nykPJK6E1IU3MZ+6Ee8OdD7S9W5l+zsrPEHEVXLRAu5G019CUhVjuTD7jS1W3R/Aw\n9k0NfZ202kA/rZc6z9JlqVOjS6rmp1JEbipL3Q10V8ZH0pxFeueY/7Ml4J14k6Jz\n+Qz/N4zpm9akbMzVSpu45rXK6u7vcM/Nfld8sPrSfLdKjRHLk97krbSd3GWuGv6I\nWRpy0kSXcNXY8JHHQYECP5IgUMUlR0VHoS21auqysAmFNXplL5Pals3g4JbFdMKc\nFIFRrNeeF2NtDtJr3sKWa8B3393Ddl6V4S981P+emYx0j8sPwrAZOFbpy38ydIz5\nEivjRkoGz6CtOcLUf0SVaOoejEQQchTiaaI8fXXxCsb2wetyD/p/gRA7aMLkjpR9\nBaxflDxdEjfxaW3SDamkX37jJNMiJo28+9b5G3NZMhaPPP7+yOhA7Br/S7VC6sYs\n/S1ep0I68KP9X8D4/nb4pQWkeLdkOFhYitDFHzinVxwtJ7pcsYqxxSimmVt5mZOK\nsaYedzBHzizqY9ZE8+BPKkNGPlgaTQtSIVgREJgmMTTqBVzO89tDKVMEr7UDvD3o\nUucemyLbW3aJMhPuCOroVAfpr3CBPom/pVIVDfvBTJb9i0CRj63GnesZ0MUCAwEA\nAQKCAgAJveDSd4rnvLfbzxtRhw+dnyVQyKyq0aOZTC1QVmgxUaLdRHkuar8Rn+Gf\ne6uim7zrsJ+IG3B+bAkZVnZRdnS7QYSI/KGToLud+6u7VXmTAAUjWfcHiF6fD6IE\nx1/2NfL2kR3T1az3EfewZqRpLvdgG/a9hWx801Q7VoYtCAIIqHWk8tpHsjvQNGFz\nZakaNF/tdALLWnsj6+NPc4ZSM5NZ1+4W6LmgS4wxcRdtl1MJO8oEYQ0UYGbvrGK9\nLHmS4d/VyArnBvZFeYVTiRDrFd03nQujooUZi9kJeT+Kkc5U5L3tCkETu+LtbPm4\nR3/PHPqrlBAvInmgqtoT8et8mCg/a9wyUIIbfui9fxl5P5jksjwi8rT3z68VPfWq\n8PMfxfTSJE5XT11UQyVfjN4TEck3cHb8Mqo+jHW0HWM+iY/YQgP8wURz4CkTJKtA\nQCz8L4gByjvXHStg7QL/ZIRWJhQrxdPfQ5Op6NUDogG0X9iKGKo0yEYkt5trBMQl\nzEK+QzJCSvLL8luE+KxEVfLUiaDlYNqeLy2CzXvtzgfZwWzduSAQoo37PjGoNvrb\ngEouXH/Iw2RAvdLgr6McFBTwFDE89/RC+NnTdJLTK4gi8JwJQTEk1XPYq/vstZ5x\n/VGF+61LbYFWzKS0A8gjAQ/gifT7h/nnyfDDGzwZOdN0QJQogQKCAQEAwCc7juS7\nluXFf9p8ZwIPzl0AtSgKRNbFNONe+sODJc+v31qEs75QTupOYd0QOtCxVLWDy77q\nwRHsuwIE8tRqKl9A9oIjz3q8VaXIf+4FEOavP9Vq5KRrYWHrGs7WG4gywz6/x4G3\njiV5oWPtmVz1sV3OlYU0j78AhOEVmxkXs2Z1isn6X7+8rB2exy2kUmheHySe6tZf\nloqXwxsW2f72A2rJCZMbva+zSF06kOjK38ZTbPs/ZWLRIevnWwTH/0i6AQHdu/68\nNTmYrU35Ujvj/hhNNI/W5H76Mo9GYFO9Gy8ormytTk/OlE0BlmPyCU9anohMlLPp\nNO15j1hbEQwNYQKCAQEAzxq64mu88+Jn6W/kktVzkF5yuxYgG/nPHs48z6v1gH7p\n4P4UKh5vKldmsRyqYfr2GXoRYapVCJNW2o0ijhNq8EUNdgMJ94NWFBHMxxVCTBPd\nbqGOQHSS5gGIFgJdLqySC7EpOh0S953gso2PBXkTTnz8nq1U8SQRsN/F8NwlRnMW\nt2GJWlE8MBl4dHv2+6+n/sUp5m8nsjSBgOzGiZUtqRp8We6/OTjSc7lNyadMoBez\nA8BeLWLdcMlfsVxcdJAqokj7c6ImiP3nZ9h8MHhlKcYYS3ApveVV6y0gog0b4smH\nPN8deD7E9573AES5dy10OUq3lorkbg0mhF1NQl955QKCAQA+y1NqUhN/r50IODVZ\nUFIsBTaa/PfGIU2XCArc9hGgxKtb2W/ucW47K9TrpFuObO7WmO72IXEEIUB0qKdH\nV+VN7Y0EQelD/38WmjPYoscjC9APk0X4bEbvLxmuzBMqMisspQ/1Oc3rdRG3jTlz\nWe6sxNQjBsHzi962jfwKkHuvU/droK/ipH0a3h8qRh8iExtXIBeS9PWN88K+rtab\n7PcmjLogF+QD7CwxpM3j1z+dO2m9/qlsD4v6guY7V2eoZHLsq1hz/D4zQpxDXmzw\n08OhIP3yBGOcjmZjKXE9P4BYJuQrhDZqligTTMsNA6JwKm+ZyT8FhXnboxOLpbs0\n6fRhAoIBAQDNXPoX7zGMvOLBTZzgJRzU+XLXJVdtpkbFi0gtvZxRcIfF/OxN36Pn\n3ocL9RrW0Z4bITn/GIH9YOztBqpPK94Mpsx0SwslDmzatdPTTbdR7RjTzQtbyryn\nqrkg6fMwhxrC0UfKQm4+b6USKOC7UpXcbH+rcMEb5OJN+3cyIXos446RBPzIPGls\nYLVa/FmqtUHmlee4glxgj0QjbaZpYy3F02efXejsevXknskNvwFydk2i2KwKYVCn\nuGdVXfqn8xTzm18MCKwhh3RhOv/aqGfYBoCsvWoGzVRnQXZseoc+WQvrRmrYg5WY\n3V6cO4mVLdNjxD1L4ConHo8lDcfAmyApAoIBAHK6bgR7lYsNEsNm051ir1B8g2AD\nZR8Kp4egPrbxeGbQHoWKi4refXXwaXPfEWq5oSbMg+izWp6bnYy9J48abagjzpwI\nSqfkZGbSijLdGZsJYK1pk9UYUPKtnR8YD6rML+nu6mYI7uX1B9yuE/arNAmh4ZgV\n59rCK4/AeQSl3qlcOaJCnWSLwPRgwYKFjDi9MwFNZWAOK6k3tWVu5lngJGugqG+k\nrHf3MNUDg5GCL/zRmAdh3wSF/SYfmcS0jCgwjfszTsQLzT90H4y+zkLd/GRxFhB1\noqMjoYH5ecujrNdmvK4qwnd1MjkefBF/JxFqQsQLNMsgJHr9P6kv+dgrl8k=\n-----END RSA PRIVATE KEY-----\n",
      "type": "string",
      "sensitive": true
    },
    "tls_public_key": {
      "value": "ssh-rsa AAAAB3NzaC1yc2EAAAADAQABAAACAQCbc8lrDD2KKvv7Mr8mu3Fs8UkcnCvZvzM7w1N+1FaAJSliAgXKQ8kroTUhTcxn7oR7w50PtL1bmX7Oys8QcRVctEC7kbTX0JSFWO5MPuNLVbdH8DD2TQ19nbTaQD+tlzrP0mWpU6NLquanUkRuKkvdDXRXxkfSnEV655j/syXgnXiTonP5DP83jOmb1qRszNVKm7jmtcrq7u9wz81+V3yw+tJ8t0qNEcuT3uSttJ3cZa4a/ohZGnLSRJdw1djwkcdBgQI/kiBQxSVHRUehLbVq6rKwCYU1emUvk9qWzeDglsV0wpwUgVGs154XY20O0mvewpZrwHff3cN2XpXhL3zU/56ZjHSPyw/CsBk4VunLfzJ0jPkSK+NGSgbPoK05wtR/RJVo6h6MRBByFOJpojx9dfEKxvbB63IP+n+BEDtowuSOlH0FrF+UPF0SN/FpbdINqaRffuMk0yImjbz71vkbc1kyFo88/v7I6EDsGv9LtULqxiz9LV6nQjrwo/1fwPj+dvilBaR4t2Q4WFiK0MUfOKdXHC0nulyxirHFKKaZW3mZk4qxph53MEfOLOpj1kTz4E8qQ0Y+WBpNC1IhWBEQmCYxNOoFXM7z20MpUwSvtQO8PehS5x6bIttbdokyE+4I6uhUB+mvcIE+ib+lUhUN+8FMlv2LQJGPrcad6xnQxQ==\n",
      "type": "string"
    }
  },
  "resources": [
    {
      "mode": "data",
      "type": "azurerm_client_config",
      "name": "current",
      "provider": "provider[\"registry.terraform.io/hashicorp/azurerm\"]",
      "instances": [
        {
          "schema_version": 0,
          "attributes": {
            "client_id": "04b07795-8ddb-461a-bbee-02f9e1bf7b46",
            "id": "2021-12-15 08:18:10.9145176 +0000 UTC",
            "object_id": "a363a68f-8d34-47be-b65c-b0e06569b80f",
            "subscription_id": "6c903494-a6a9-4bb5-80ad-a6b1816c67b3",
            "tenant_id": "a66d2e30-7919-43a0-8b5d-a355f1e2e08d",
            "timeouts": null
          },
          "sensitive_attributes": []
        }
      ]
    },
    {
      "mode": "data",
      "type": "azurerm_key_vault",
      "name": "keyvault",
      "provider": "provider[\"registry.terraform.io/hashicorp/azurerm\"]",
      "instances": [
        {
          "schema_version": 0,
          "attributes": {
            "access_policy": [
              {
                "application_id": "",
                "certificate_permissions": [],
                "key_permissions": [
                  "Create",
                  "Get"
                ],
                "object_id": "a363a68f-8d34-47be-b65c-b0e06569b80f",
                "secret_permissions": [
                  "Set",
                  "Get",
                  "Delete",
                  "Purge",
                  "Recover"
                ],
                "storage_permissions": [],
                "tenant_id": "a66d2e30-7919-43a0-8b5d-a355f1e2e08d"
              }
            ],
            "enabled_for_deployment": false,
            "enabled_for_disk_encryption": false,
            "enabled_for_template_deployment": false,
            "id": "/subscriptions/6c903494-a6a9-4bb5-80ad-a6b1816c67b3/resourceGroups/statestreet-rg/providers/Microsoft.KeyVault/vaults/statestreet-kv",
            "location": "westus",
            "name": "statestreet-kv",
            "network_acls": [],
            "purge_protection_enabled": false,
            "resource_group_name": "statestreet-rg",
            "sku_name": "standard",
            "soft_delete_enabled": true,
            "tags": {
              "environment": "Terraform Demo"
            },
            "tenant_id": "a66d2e30-7919-43a0-8b5d-a355f1e2e08d",
            "timeouts": null,
            "vault_uri": "https://statestreet-kv.vault.azure.net/"
          },
          "sensitive_attributes": []
        }
      ]
    },
    {
      "mode": "data",
      "type": "azurerm_key_vault_secret",
      "name": "username",
      "provider": "provider[\"registry.terraform.io/hashicorp/azurerm\"]",
      "instances": [
        {
          "schema_version": 0,
          "attributes": {
            "content_type": "",
            "id": "https://statestreet-kv.vault.azure.net/secrets/azureuser/397482bd2426405daca9606c90becf81",
            "key_vault_id": "/subscriptions/6c903494-a6a9-4bb5-80ad-a6b1816c67b3/resourceGroups/statestreet-rg/providers/Microsoft.KeyVault/vaults/statestreet-kv",
            "name": "azureuser",
            "tags": {},
            "timeouts": null,
            "value": "azureuser",
            "version": "397482bd2426405daca9606c90becf81",
            "versionless_id": "https://statestreet-kv.vault.azure.net/secrets/azureuser"
          },
          "sensitive_attributes": []
        }
      ]
    },
    {
      "mode": "data",
      "type": "azurerm_key_vault_secret",
      "name": "vmsecretssh",
      "provider": "provider[\"registry.terraform.io/hashicorp/azurerm\"]",
      "instances": [
        {
          "schema_version": 0,
          "attributes": {
            "content_type": "",
            "id": "https://statestreet-kv.vault.azure.net/secrets/statestreet-vm01-ssh/805dfd08a195427b80943dae2dc62f7b",
            "key_vault_id": "/subscriptions/6c903494-a6a9-4bb5-80ad-a6b1816c67b3/resourceGroups/statestreet-rg/providers/Microsoft.KeyVault/vaults/statestreet-kv",
            "name": "statestreet-vm01-ssh",
            "tags": {},
            "timeouts": null,
            "value": "ssh-rsa AAAAB3NzaC1yc2EAAAADAQABAAACAQCbc8lrDD2KKvv7Mr8mu3Fs8UkcnCvZvzM7w1N+1FaAJSliAgXKQ8kroTUhTcxn7oR7w50PtL1bmX7Oys8QcRVctEC7kbTX0JSFWO5MPuNLVbdH8DD2TQ19nbTaQD+tlzrP0mWpU6NLquanUkRuKkvdDXRXxkfSnEV655j/syXgnXiTonP5DP83jOmb1qRszNVKm7jmtcrq7u9wz81+V3yw+tJ8t0qNEcuT3uSttJ3cZa4a/ohZGnLSRJdw1djwkcdBgQI/kiBQxSVHRUehLbVq6rKwCYU1emUvk9qWzeDglsV0wpwUgVGs154XY20O0mvewpZrwHff3cN2XpXhL3zU/56ZjHSPyw/CsBk4VunLfzJ0jPkSK+NGSgbPoK05wtR/RJVo6h6MRBByFOJpojx9dfEKxvbB63IP+n+BEDtowuSOlH0FrF+UPF0SN/FpbdINqaRffuMk0yImjbz71vkbc1kyFo88/v7I6EDsGv9LtULqxiz9LV6nQjrwo/1fwPj+dvilBaR4t2Q4WFiK0MUfOKdXHC0nulyxirHFKKaZW3mZk4qxph53MEfOLOpj1kTz4E8qQ0Y+WBpNC1IhWBEQmCYxNOoFXM7z20MpUwSvtQO8PehS5x6bIttbdokyE+4I6uhUB+mvcIE+ib+lUhUN+8FMlv2LQJGPrcad6xnQxQ==\n",
            "version": "805dfd08a195427b80943dae2dc62f7b",
            "versionless_id": "https://statestreet-kv.vault.azure.net/secrets/statestreet-vm01-ssh"
          },
          "sensitive_attributes": []
        }
      ]
    },
    {
      "mode": "managed",
      "type": "azurerm_key_vault",
      "name": "example",
      "provider": "provider[\"registry.terraform.io/hashicorp/azurerm\"]",
      "instances": [
        {
          "schema_version": 2,
          "attributes": {
            "access_policy": [
              {
                "application_id": "",
                "certificate_permissions": [],
                "key_permissions": [
                  "Create",
                  "Get"
                ],
                "object_id": "a363a68f-8d34-47be-b65c-b0e06569b80f",
                "secret_permissions": [
                  "Set",
                  "Get",
                  "Delete",
                  "Purge",
                  "Recover"
                ],
                "storage_permissions": [],
                "tenant_id": "a66d2e30-7919-43a0-8b5d-a355f1e2e08d"
              }
            ],
            "contact": [],
            "enable_rbac_authorization": false,
            "enabled_for_deployment": false,
            "enabled_for_disk_encryption": false,
            "enabled_for_template_deployment": false,
            "id": "/subscriptions/6c903494-a6a9-4bb5-80ad-a6b1816c67b3/resourceGroups/statestreet-rg/providers/Microsoft.KeyVault/vaults/statestreet-kv",
            "location": "westus",
            "name": "statestreet-kv",
            "network_acls": [
              {
                "bypass": "AzureServices",
                "default_action": "Allow",
                "ip_rules": [],
                "virtual_network_subnet_ids": []
              }
            ],
            "purge_protection_enabled": false,
            "resource_group_name": "statestreet-rg",
            "sku_name": "standard",
            "soft_delete_enabled": true,
            "soft_delete_retention_days": 7,
            "tags": {
              "environment": "Terraform Demo"
            },
            "tenant_id": "a66d2e30-7919-43a0-8b5d-a355f1e2e08d",
            "timeouts": null,
            "vault_uri": "https://statestreet-kv.vault.azure.net/"
          },
          "sensitive_attributes": [],
          "private": "eyJlMmJmYjczMC1lY2FhLTExZTYtOGY4OC0zNDM2M2JjN2M0YzAiOnsiY3JlYXRlIjoxODAwMDAwMDAwMDAwLCJkZWxldGUiOjE4MDAwMDAwMDAwMDAsInJlYWQiOjMwMDAwMDAwMDAwMCwidXBkYXRlIjoxODAwMDAwMDAwMDAwfSwic2NoZW1hX3ZlcnNpb24iOiIyIn0=",
          "dependencies": [
            "data.azurerm_client_config.current",
            "azurerm_resource_group.example"
          ]
        }
      ]
    },
    {
      "mode": "managed",
      "type": "azurerm_key_vault_secret",
      "name": "example",
      "provider": "provider[\"registry.terraform.io/hashicorp/azurerm\"]",
      "instances": [
        {
          "schema_version": 0,
          "attributes": {
            "content_type": "",
            "expiration_date": null,
            "id": "https://statestreet-kv.vault.azure.net/secrets/test-secret/64803e0cd00848e8b1a1e09f0d702714",
            "key_vault_id": "/subscriptions/6c903494-a6a9-4bb5-80ad-a6b1816c67b3/resourceGroups/statestreet-rg/providers/Microsoft.KeyVault/vaults/statestreet-kv",
            "name": "test-secret",
            "not_before_date": null,
            "tags": {},
            "timeouts": null,
            "value": "test-secret-value",
            "version": "64803e0cd00848e8b1a1e09f0d702714",
            "versionless_id": "https://statestreet-kv.vault.azure.net/secrets/test-secret"
          },
          "sensitive_attributes": [],
          "private": "eyJlMmJmYjczMC1lY2FhLTExZTYtOGY4OC0zNDM2M2JjN2M0YzAiOnsiY3JlYXRlIjoxODAwMDAwMDAwMDAwLCJkZWxldGUiOjE4MDAwMDAwMDAwMDAsInJlYWQiOjMwMDAwMDAwMDAwMCwidXBkYXRlIjoxODAwMDAwMDAwMDAwfX0=",
          "dependencies": [
            "azurerm_key_vault.example",
            "azurerm_resource_group.example",
            "data.azurerm_client_config.current"
          ]
        }
      ]
    },
    {
      "mode": "managed",
      "type": "azurerm_key_vault_secret",
      "name": "username",
      "provider": "provider[\"registry.terraform.io/hashicorp/azurerm\"]",
      "instances": [
        {
          "schema_version": 0,
          "attributes": {
            "content_type": "",
            "expiration_date": null,
            "id": "https://statestreet-kv.vault.azure.net/secrets/azureuser/397482bd2426405daca9606c90becf81",
            "key_vault_id": "/subscriptions/6c903494-a6a9-4bb5-80ad-a6b1816c67b3/resourceGroups/statestreet-rg/providers/Microsoft.KeyVault/vaults/statestreet-kv",
            "name": "azureuser",
            "not_before_date": null,
            "tags": {},
            "timeouts": null,
            "value": "azureuser",
            "version": "397482bd2426405daca9606c90becf81",
            "versionless_id": "https://statestreet-kv.vault.azure.net/secrets/azureuser"
          },
          "sensitive_attributes": [],
          "private": "eyJlMmJmYjczMC1lY2FhLTExZTYtOGY4OC0zNDM2M2JjN2M0YzAiOnsiY3JlYXRlIjoxODAwMDAwMDAwMDAwLCJkZWxldGUiOjE4MDAwMDAwMDAwMDAsInJlYWQiOjMwMDAwMDAwMDAwMCwidXBkYXRlIjoxODAwMDAwMDAwMDAwfX0=",
          "dependencies": [
            "data.azurerm_client_config.current",
            "azurerm_key_vault.example",
            "azurerm_resource_group.example"
          ]
        }
      ]
    },
    {
      "mode": "managed",
      "type": "azurerm_key_vault_secret",
      "name": "vmsecretssh",
      "provider": "provider[\"registry.terraform.io/hashicorp/azurerm\"]",
      "instances": [
        {
          "schema_version": 0,
          "attributes": {
            "content_type": "",
            "expiration_date": null,
            "id": "https://statestreet-kv.vault.azure.net/secrets/statestreet-vm01-ssh/805dfd08a195427b80943dae2dc62f7b",
            "key_vault_id": "/subscriptions/6c903494-a6a9-4bb5-80ad-a6b1816c67b3/resourceGroups/statestreet-rg/providers/Microsoft.KeyVault/vaults/statestreet-kv",
            "name": "statestreet-vm01-ssh",
            "not_before_date": null,
            "tags": {},
            "timeouts": null,
            "value": "ssh-rsa AAAAB3NzaC1yc2EAAAADAQABAAACAQCbc8lrDD2KKvv7Mr8mu3Fs8UkcnCvZvzM7w1N+1FaAJSliAgXKQ8kroTUhTcxn7oR7w50PtL1bmX7Oys8QcRVctEC7kbTX0JSFWO5MPuNLVbdH8DD2TQ19nbTaQD+tlzrP0mWpU6NLquanUkRuKkvdDXRXxkfSnEV655j/syXgnXiTonP5DP83jOmb1qRszNVKm7jmtcrq7u9wz81+V3yw+tJ8t0qNEcuT3uSttJ3cZa4a/ohZGnLSRJdw1djwkcdBgQI/kiBQxSVHRUehLbVq6rKwCYU1emUvk9qWzeDglsV0wpwUgVGs154XY20O0mvewpZrwHff3cN2XpXhL3zU/56ZjHSPyw/CsBk4VunLfzJ0jPkSK+NGSgbPoK05wtR/RJVo6h6MRBByFOJpojx9dfEKxvbB63IP+n+BEDtowuSOlH0FrF+UPF0SN/FpbdINqaRffuMk0yImjbz71vkbc1kyFo88/v7I6EDsGv9LtULqxiz9LV6nQjrwo/1fwPj+dvilBaR4t2Q4WFiK0MUfOKdXHC0nulyxirHFKKaZW3mZk4qxph53MEfOLOpj1kTz4E8qQ0Y+WBpNC1IhWBEQmCYxNOoFXM7z20MpUwSvtQO8PehS5x6bIttbdokyE+4I6uhUB+mvcIE+ib+lUhUN+8FMlv2LQJGPrcad6xnQxQ==\n",
            "version": "805dfd08a195427b80943dae2dc62f7b",
            "versionless_id": "https://statestreet-kv.vault.azure.net/secrets/statestreet-vm01-ssh"
          },
          "sensitive_attributes": [],
          "private": "eyJlMmJmYjczMC1lY2FhLTExZTYtOGY4OC0zNDM2M2JjN2M0YzAiOnsiY3JlYXRlIjoxODAwMDAwMDAwMDAwLCJkZWxldGUiOjE4MDAwMDAwMDAwMDAsInJlYWQiOjMwMDAwMDAwMDAwMCwidXBkYXRlIjoxODAwMDAwMDAwMDAwfX0=",
          "dependencies": [
            "data.azurerm_client_config.current",
            "tls_private_key.example_ssh",
            "azurerm_key_vault.example",
            "azurerm_resource_group.example"
          ]
        }
      ]
    },
    {
      "mode": "managed",
      "type": "azurerm_linux_virtual_machine",
      "name": "example",
      "provider": "provider[\"registry.terraform.io/hashicorp/azurerm\"]",
      "instances": [
        {
          "schema_version": 0,
          "attributes": {
            "additional_capabilities": [],
            "admin_password": null,
            "admin_ssh_key": [
              {
                "public_key": "ssh-rsa AAAAB3NzaC1yc2EAAAADAQABAAACAQCbc8lrDD2KKvv7Mr8mu3Fs8UkcnCvZvzM7w1N+1FaAJSliAgXKQ8kroTUhTcxn7oR7w50PtL1bmX7Oys8QcRVctEC7kbTX0JSFWO5MPuNLVbdH8DD2TQ19nbTaQD+tlzrP0mWpU6NLquanUkRuKkvdDXRXxkfSnEV655j/syXgnXiTonP5DP83jOmb1qRszNVKm7jmtcrq7u9wz81+V3yw+tJ8t0qNEcuT3uSttJ3cZa4a/ohZGnLSRJdw1djwkcdBgQI/kiBQxSVHRUehLbVq6rKwCYU1emUvk9qWzeDglsV0wpwUgVGs154XY20O0mvewpZrwHff3cN2XpXhL3zU/56ZjHSPyw/CsBk4VunLfzJ0jPkSK+NGSgbPoK05wtR/RJVo6h6MRBByFOJpojx9dfEKxvbB63IP+n+BEDtowuSOlH0FrF+UPF0SN/FpbdINqaRffuMk0yImjbz71vkbc1kyFo88/v7I6EDsGv9LtULqxiz9LV6nQjrwo/1fwPj+dvilBaR4t2Q4WFiK0MUfOKdXHC0nulyxirHFKKaZW3mZk4qxph53MEfOLOpj1kTz4E8qQ0Y+WBpNC1IhWBEQmCYxNOoFXM7z20MpUwSvtQO8PehS5x6bIttbdokyE+4I6uhUB+mvcIE+ib+lUhUN+8FMlv2LQJGPrcad6xnQxQ==\n",
                "username": "azureuser"
              }
            ],
            "admin_username": "azureuser",
            "allow_extension_operations": true,
            "availability_set_id": "",
            "boot_diagnostics": [],
            "computer_name": "myvm",
            "custom_data": null,
            "dedicated_host_id": "",
            "disable_password_authentication": true,
            "encryption_at_host_enabled": false,
            "eviction_policy": "",
            "extensions_time_budget": "PT1H30M",
            "id": "/subscriptions/6c903494-a6a9-4bb5-80ad-a6b1816c67b3/resourceGroups/statestreet-rg/providers/Microsoft.Compute/virtualMachines/statestreet-vm01",
            "identity": [],
            "license_type": "",
            "location": "westus",
            "max_bid_price": -1,
            "name": "statestreet-vm01",
            "network_interface_ids": [
              "/subscriptions/6c903494-a6a9-4bb5-80ad-a6b1816c67b3/resourceGroups/statestreet-rg/providers/Microsoft.Network/networkInterfaces/statestreet-vm01-nic"
            ],
            "os_disk": [
              {
                "caching": "ReadWrite",
                "diff_disk_settings": [],
                "disk_encryption_set_id": "",
                "disk_size_gb": 30,
                "name": "myOsDisk",
                "storage_account_type": "Premium_LRS",
                "write_accelerator_enabled": false
              }
            ],
            "plan": [],
            "platform_fault_domain": -1,
            "priority": "Regular",
            "private_ip_address": "10.0.2.4",
            "private_ip_addresses": [
              "10.0.2.4"
            ],
            "provision_vm_agent": true,
            "proximity_placement_group_id": "",
            "public_ip_address": "",
            "public_ip_addresses": [],
            "resource_group_name": "statestreet-rg",
            "secret": [],
            "size": "Standard_DS1_v2",
            "source_image_id": "",
            "source_image_reference": [
              {
                "offer": "UbuntuServer",
                "publisher": "Canonical",
                "sku": "18.04-LTS",
                "version": "latest"
              }
            ],
            "tags": {},
            "timeouts": null,
            "virtual_machine_id": "f4022293-8ba4-4fc5-bfa5-12cadb87e71a",
            "virtual_machine_scale_set_id": "",
            "zone": ""
          },
          "sensitive_attributes": [
            [
              {
                "type": "get_attr",
                "value": "admin_ssh_key"
              }
            ]
          ],
          "private": "eyJlMmJmYjczMC1lY2FhLTExZTYtOGY4OC0zNDM2M2JjN2M0YzAiOnsiY3JlYXRlIjoyNzAwMDAwMDAwMDAwLCJkZWxldGUiOjI3MDAwMDAwMDAwMDAsInJlYWQiOjMwMDAwMDAwMDAwMCwidXBkYXRlIjoyNzAwMDAwMDAwMDAwfX0=",
          "dependencies": [
            "azurerm_network_interface.example",
            "azurerm_public_ip.example",
            "azurerm_virtual_network.example",
            "data.azurerm_client_config.current",
            "azurerm_key_vault.example",
            "azurerm_key_vault_secret.vmsecretssh",
            "azurerm_resource_group.example",
            "azurerm_subnet.example",
            "data.azurerm_key_vault.keyvault",
            "data.azurerm_key_vault_secret.vmsecretssh",
            "tls_private_key.example_ssh"
          ]
        }
      ]
    },
    {
      "mode": "managed",
      "type": "azurerm_network_interface",
      "name": "example",
      "provider": "provider[\"registry.terraform.io/hashicorp/azurerm\"]",
      "instances": [
        {
          "schema_version": 0,
          "attributes": {
            "applied_dns_servers": [],
            "dns_servers": [],
            "enable_accelerated_networking": false,
            "enable_ip_forwarding": false,
            "id": "/subscriptions/6c903494-a6a9-4bb5-80ad-a6b1816c67b3/resourceGroups/statestreet-rg/providers/Microsoft.Network/networkInterfaces/statestreet-vm01-nic",
            "internal_dns_name_label": "",
            "internal_domain_name_suffix": "ld2unxq1etnebbf2irgcfbxrjg.dx.internal.cloudapp.net",
            "ip_configuration": [
              {
                "name": "internal",
                "primary": true,
                "private_ip_address": "10.0.2.4",
                "private_ip_address_allocation": "Dynamic",
                "private_ip_address_version": "IPv4",
                "public_ip_address_id": "/subscriptions/6c903494-a6a9-4bb5-80ad-a6b1816c67b3/resourceGroups/statestreet-rg/providers/Microsoft.Network/publicIPAddresses/statestreet-vm01-publicip",
                "subnet_id": "/subscriptions/6c903494-a6a9-4bb5-80ad-a6b1816c67b3/resourceGroups/statestreet-rg/providers/Microsoft.Network/virtualNetworks/statestreet-vnet/subnets/statestreet-subnet-1"
              }
            ],
            "location": "westus",
            "mac_address": "00-22-48-0A-D2-EF",
            "name": "statestreet-vm01-nic",
            "private_ip_address": "10.0.2.4",
            "private_ip_addresses": [
              "10.0.2.4"
            ],
            "resource_group_name": "statestreet-rg",
            "tags": {},
            "timeouts": null,
            "virtual_machine_id": "/subscriptions/6c903494-a6a9-4bb5-80ad-a6b1816c67b3/resourceGroups/statestreet-rg/providers/Microsoft.Compute/virtualMachines/statestreet-vm01"
          },
          "sensitive_attributes": [],
          "private": "eyJlMmJmYjczMC1lY2FhLTExZTYtOGY4OC0zNDM2M2JjN2M0YzAiOnsiY3JlYXRlIjoxODAwMDAwMDAwMDAwLCJkZWxldGUiOjE4MDAwMDAwMDAwMDAsInJlYWQiOjMwMDAwMDAwMDAwMCwidXBkYXRlIjoxODAwMDAwMDAwMDAwfX0=",
          "dependencies": [
            "azurerm_public_ip.example",
            "azurerm_resource_group.example",
            "azurerm_subnet.example"
          ]
        }
      ]
    },
    {
      "mode": "managed",
      "type": "azurerm_network_interface_security_group_association",
      "name": "example",
      "provider": "provider[\"registry.terraform.io/hashicorp/azurerm\"]",
      "instances": [
        {
          "schema_version": 0,
          "attributes": {
            "id": "/subscriptions/6c903494-a6a9-4bb5-80ad-a6b1816c67b3/resourceGroups/statestreet-rg/providers/Microsoft.Network/networkInterfaces/statestreet-vm01-nic|/subscriptions/6c903494-a6a9-4bb5-80ad-a6b1816c67b3/resourceGroups/statestreet-rg/providers/Microsoft.Network/networkSecurityGroups/myNetworkSecurityGroup",
            "network_interface_id": "/subscriptions/6c903494-a6a9-4bb5-80ad-a6b1816c67b3/resourceGroups/statestreet-rg/providers/Microsoft.Network/networkInterfaces/statestreet-vm01-nic",
            "network_security_group_id": "/subscriptions/6c903494-a6a9-4bb5-80ad-a6b1816c67b3/resourceGroups/statestreet-rg/providers/Microsoft.Network/networkSecurityGroups/myNetworkSecurityGroup",
            "timeouts": null
          },
          "sensitive_attributes": [],
          "private": "eyJlMmJmYjczMC1lY2FhLTExZTYtOGY4OC0zNDM2M2JjN2M0YzAiOnsiY3JlYXRlIjoxODAwMDAwMDAwMDAwLCJkZWxldGUiOjE4MDAwMDAwMDAwMDAsInJlYWQiOjMwMDAwMDAwMDAwMCwidXBkYXRlIjoxODAwMDAwMDAwMDAwfX0=",
          "dependencies": [
            "azurerm_network_interface.example",
            "azurerm_network_security_group.example",
            "azurerm_public_ip.example",
            "azurerm_resource_group.example",
            "azurerm_subnet.example",
            "azurerm_virtual_network.example"
          ]
        }
      ]
    },
    {
      "mode": "managed",
      "type": "azurerm_network_security_group",
      "name": "example",
      "provider": "provider[\"registry.terraform.io/hashicorp/azurerm\"]",
      "instances": [
        {
          "schema_version": 0,
          "attributes": {
            "id": "/subscriptions/6c903494-a6a9-4bb5-80ad-a6b1816c67b3/resourceGroups/statestreet-rg/providers/Microsoft.Network/networkSecurityGroups/myNetworkSecurityGroup",
            "location": "westus",
            "name": "myNetworkSecurityGroup",
            "resource_group_name": "statestreet-rg",
            "security_rule": [
              {
                "access": "Allow",
                "description": "",
                "destination_address_prefix": "*",
                "destination_address_prefixes": [],
                "destination_application_security_group_ids": [],
                "destination_port_range": "22",
                "destination_port_ranges": [],
                "direction": "Inbound",
                "name": "SSH",
                "priority": 1001,
                "protocol": "Tcp",
                "source_address_prefix": "*",
                "source_address_prefixes": [],
                "source_application_security_group_ids": [],
                "source_port_range": "*",
                "source_port_ranges": []
              }
            ],
            "tags": {
              "environment": "Terraform Demo"
            },
            "timeouts": null
          },
          "sensitive_attributes": [],
          "private": "eyJlMmJmYjczMC1lY2FhLTExZTYtOGY4OC0zNDM2M2JjN2M0YzAiOnsiY3JlYXRlIjoxODAwMDAwMDAwMDAwLCJkZWxldGUiOjE4MDAwMDAwMDAwMDAsInJlYWQiOjMwMDAwMDAwMDAwMCwidXBkYXRlIjoxODAwMDAwMDAwMDAwfX0=",
          "dependencies": [
            "azurerm_resource_group.example"
          ]
        }
      ]
    },
    {
      "mode": "managed",
      "type": "azurerm_policy_assignment",
      "name": "example",
      "provider": "provider[\"registry.terraform.io/hashicorp/azurerm\"]",
      "instances": [
        {
          "schema_version": 0,
          "attributes": {
            "description": "Policy Assignment created via an Acceptance Test",
            "display_name": "My Example Policy Assignment",
            "enforcement_mode": true,
            "id": "/subscriptions/6c903494-a6a9-4bb5-80ad-a6b1816c67b3/resourceGroups/statestreet-rg/providers/Microsoft.Authorization/policyAssignments/example-policy-assignment",
            "identity": [],
            "location": "",
            "metadata": "{\"category\":\"General\",\"createdBy\":\"a363a68f-8d34-47be-b65c-b0e06569b80f\",\"createdOn\":\"2021-12-15T08:03:11.7755476Z\",\"updatedBy\":null,\"updatedOn\":null}",
            "name": "example-policy-assignment",
            "not_scopes": [],
            "parameters": "{\"allowedLocations\":{\"value\":[\"west us\"]}}",
            "policy_definition_id": "/subscriptions/6c903494-a6a9-4bb5-80ad-a6b1816c67b3/providers/Microsoft.Authorization/policyDefinitions/my-policy-definition",
            "scope": "/subscriptions/6c903494-a6a9-4bb5-80ad-a6b1816c67b3/resourceGroups/statestreet-rg",
            "timeouts": null
          },
          "sensitive_attributes": [],
          "private": "eyJlMmJmYjczMC1lY2FhLTExZTYtOGY4OC0zNDM2M2JjN2M0YzAiOnsiY3JlYXRlIjoxODAwMDAwMDAwMDAwLCJkZWxldGUiOjE4MDAwMDAwMDAwMDAsInJlYWQiOjMwMDAwMDAwMDAwMCwidXBkYXRlIjoxODAwMDAwMDAwMDAwfX0=",
          "dependencies": [
            "azurerm_policy_definition.example",
            "azurerm_resource_group.example"
          ]
        }
      ]
    },
    {
      "mode": "managed",
      "type": "azurerm_policy_definition",
      "name": "example",
      "provider": "provider[\"registry.terraform.io/hashicorp/azurerm\"]",
      "instances": [
        {
          "schema_version": 0,
          "attributes": {
            "description": "",
            "display_name": "my-policy-definition",
            "id": "/subscriptions/6c903494-a6a9-4bb5-80ad-a6b1816c67b3/providers/Microsoft.Authorization/policyDefinitions/my-policy-definition",
            "management_group_id": "",
            "management_group_name": "",
            "metadata": "{\"createdBy\":\"a363a68f-8d34-47be-b65c-b0e06569b80f\",\"createdOn\":\"2021-12-15T08:01:41.1353138Z\",\"updatedBy\":null,\"updatedOn\":null}",
            "mode": "All",
            "name": "my-policy-definition",
            "parameters": "{\"allowedLocations\":{\"type\":\"Array\",\"metadata\":{\"description\":\"The list of allowed locations for resources.\",\"displayName\":\"Allowed locations\",\"strongType\":\"location\"}}}",
            "policy_rule": "{\"if\":{\"not\":{\"field\":\"location\",\"in\":\"[parameters('allowedLocations')]\"}},\"then\":{\"effect\":\"audit\"}}",
            "policy_type": "Custom",
            "timeouts": null
          },
          "sensitive_attributes": [],
          "private": "eyJlMmJmYjczMC1lY2FhLTExZTYtOGY4OC0zNDM2M2JjN2M0YzAiOnsiY3JlYXRlIjoxODAwMDAwMDAwMDAwLCJkZWxldGUiOjE4MDAwMDAwMDAwMDAsInJlYWQiOjMwMDAwMDAwMDAwMCwidXBkYXRlIjoxODAwMDAwMDAwMDAwfX0="
        }
      ]
    },
    {
      "mode": "managed",
      "type": "azurerm_public_ip",
      "name": "example",
      "provider": "provider[\"registry.terraform.io/hashicorp/azurerm\"]",
      "instances": [
        {
          "schema_version": 0,
          "attributes": {
            "allocation_method": "Dynamic",
            "availability_zone": "No-Zone",
            "domain_name_label": null,
            "fqdn": null,
            "id": "/subscriptions/6c903494-a6a9-4bb5-80ad-a6b1816c67b3/resourceGroups/statestreet-rg/providers/Microsoft.Network/publicIPAddresses/statestreet-vm01-publicip",
            "idle_timeout_in_minutes": 4,
            "ip_address": "",
            "ip_tags": null,
            "ip_version": "IPv4",
            "location": "westus",
            "name": "statestreet-vm01-publicip",
            "public_ip_prefix_id": null,
            "resource_group_name": "statestreet-rg",
            "reverse_fqdn": null,
            "sku": "Basic",
            "sku_tier": "Regional",
            "tags": {
              "environment": "Terraform Demo"
            },
            "timeouts": null,
            "zones": []
          },
          "sensitive_attributes": [],
          "private": "eyJlMmJmYjczMC1lY2FhLTExZTYtOGY4OC0zNDM2M2JjN2M0YzAiOnsiY3JlYXRlIjoxODAwMDAwMDAwMDAwLCJkZWxldGUiOjE4MDAwMDAwMDAwMDAsInJlYWQiOjMwMDAwMDAwMDAwMCwidXBkYXRlIjoxODAwMDAwMDAwMDAwfX0=",
          "dependencies": [
            "azurerm_resource_group.example"
          ]
        }
      ]
    },
    {
      "mode": "managed",
      "type": "azurerm_resource_group",
      "name": "example",
      "provider": "provider[\"registry.terraform.io/hashicorp/azurerm\"]",
      "instances": [
        {
          "schema_version": 0,
          "attributes": {
            "id": "/subscriptions/6c903494-a6a9-4bb5-80ad-a6b1816c67b3/resourceGroups/statestreet-rg",
            "location": "westus",
            "name": "statestreet-rg",
            "tags": {
              "environment": "Terraform Demo"
            },
            "timeouts": null
          },
          "sensitive_attributes": [],
          "private": "eyJlMmJmYjczMC1lY2FhLTExZTYtOGY4OC0zNDM2M2JjN2M0YzAiOnsiY3JlYXRlIjo1NDAwMDAwMDAwMDAwLCJkZWxldGUiOjU0MDAwMDAwMDAwMDAsInJlYWQiOjMwMDAwMDAwMDAwMCwidXBkYXRlIjo1NDAwMDAwMDAwMDAwfX0="
        }
      ]
    },
    {
      "mode": "managed",
      "type": "azurerm_storage_account",
      "name": "example",
      "provider": "provider[\"registry.terraform.io/hashicorp/azurerm\"]",
      "instances": [
        {
          "schema_version": 2,
          "attributes": {
            "access_tier": "Hot",
            "account_kind": "StorageV2",
            "account_replication_type": "LRS",
            "account_tier": "Standard",
            "allow_blob_public_access": false,
            "azure_files_authentication": [],
            "blob_properties": [
              {
                "change_feed_enabled": false,
                "container_delete_retention_policy": [],
                "cors_rule": [],
                "default_service_version": "",
                "delete_retention_policy": [],
                "last_access_time_enabled": false,
                "versioning_enabled": false
              }
            ],
            "custom_domain": [],
            "enable_https_traffic_only": true,
            "id": "/subscriptions/6c903494-a6a9-4bb5-80ad-a6b1816c67b3/resourceGroups/statestreet-rg/providers/Microsoft.Storage/storageAccounts/staccnttest123",
            "identity": [],
            "is_hns_enabled": false,
            "large_file_share_enabled": null,
            "location": "westus",
            "min_tls_version": "TLS1_0",
            "name": "staccnttest123",
            "network_rules": [
              {
                "bypass": [
                  "AzureServices"
                ],
                "default_action": "Allow",
                "ip_rules": [],
                "private_link_access": [],
                "virtual_network_subnet_ids": []
              }
            ],
            "nfsv3_enabled": false,
            "primary_access_key": "f0gZSgwWVHglXfX4t5mbQ610g6v0mpnlYRngDBwguBMwrwtZ45o1J5Fw1h8Pzrad0/F7EwolFmLP/Mt0D6YqAg==",
            "primary_blob_connection_string": "DefaultEndpointsProtocol=https;BlobEndpoint=https://staccnttest123.blob.core.windows.net/;AccountName=staccnttest123;AccountKey=f0gZSgwWVHglXfX4t5mbQ610g6v0mpnlYRngDBwguBMwrwtZ45o1J5Fw1h8Pzrad0/F7EwolFmLP/Mt0D6YqAg==",
            "primary_blob_endpoint": "https://staccnttest123.blob.core.windows.net/",
            "primary_blob_host": "staccnttest123.blob.core.windows.net",
            "primary_connection_string": "DefaultEndpointsProtocol=https;AccountName=staccnttest123;AccountKey=f0gZSgwWVHglXfX4t5mbQ610g6v0mpnlYRngDBwguBMwrwtZ45o1J5Fw1h8Pzrad0/F7EwolFmLP/Mt0D6YqAg==;EndpointSuffix=core.windows.net",
            "primary_dfs_endpoint": "https://staccnttest123.dfs.core.windows.net/",
            "primary_dfs_host": "staccnttest123.dfs.core.windows.net",
            "primary_file_endpoint": "https://staccnttest123.file.core.windows.net/",
            "primary_file_host": "staccnttest123.file.core.windows.net",
            "primary_location": "westus",
            "primary_queue_endpoint": "https://staccnttest123.queue.core.windows.net/",
            "primary_queue_host": "staccnttest123.queue.core.windows.net",
            "primary_table_endpoint": "https://staccnttest123.table.core.windows.net/",
            "primary_table_host": "staccnttest123.table.core.windows.net",
            "primary_web_endpoint": "https://staccnttest123.z22.web.core.windows.net/",
            "primary_web_host": "staccnttest123.z22.web.core.windows.net",
            "queue_properties": [
              {
                "cors_rule": [],
                "hour_metrics": [
                  {
                    "enabled": true,
                    "include_apis": true,
                    "retention_policy_days": 7,
                    "version": "1.0"
                  }
                ],
                "logging": [
                  {
                    "delete": false,
                    "read": false,
                    "retention_policy_days": 0,
                    "version": "1.0",
                    "write": false
                  }
                ],
                "minute_metrics": [
                  {
                    "enabled": false,
                    "include_apis": false,
                    "retention_policy_days": 0,
                    "version": "1.0"
                  }
                ]
              }
            ],
            "resource_group_name": "statestreet-rg",
            "routing": [],
            "secondary_access_key": "QbniDtVV492gW9ArhGqAMKaeiYJ0Is/OY/npPnczzPbp4BmYQe4vSTFAen8iAZ08e/14hPTZltpwSn+YVdqgxQ==",
            "secondary_blob_connection_string": "",
            "secondary_blob_endpoint": null,
            "secondary_blob_host": null,
            "secondary_connection_string": "DefaultEndpointsProtocol=https;AccountName=staccnttest123;AccountKey=QbniDtVV492gW9ArhGqAMKaeiYJ0Is/OY/npPnczzPbp4BmYQe4vSTFAen8iAZ08e/14hPTZltpwSn+YVdqgxQ==;EndpointSuffix=core.windows.net",
            "secondary_dfs_endpoint": null,
            "secondary_dfs_host": null,
            "secondary_file_endpoint": null,
            "secondary_file_host": null,
            "secondary_location": "",
            "secondary_queue_endpoint": null,
            "secondary_queue_host": null,
            "secondary_table_endpoint": null,
            "secondary_table_host": null,
            "secondary_web_endpoint": null,
            "secondary_web_host": null,
            "share_properties": [
              {
                "cors_rule": [],
                "retention_policy": [
                  {
                    "days": 7
                  }
                ],
                "smb": []
              }
            ],
            "static_website": [],
            "tags": {
              "environment": "Terraform Demo"
            },
            "timeouts": null
          },
          "sensitive_attributes": [],
          "private": "eyJlMmJmYjczMC1lY2FhLTExZTYtOGY4OC0zNDM2M2JjN2M0YzAiOnsiY3JlYXRlIjozNjAwMDAwMDAwMDAwLCJkZWxldGUiOjM2MDAwMDAwMDAwMDAsInJlYWQiOjMwMDAwMDAwMDAwMCwidXBkYXRlIjozNjAwMDAwMDAwMDAwfSwic2NoZW1hX3ZlcnNpb24iOiIyIn0=",
          "dependencies": [
            "azurerm_resource_group.example"
          ]
        }
      ]
    },
    {
      "mode": "managed",
      "type": "azurerm_storage_container",
      "name": "example",
      "provider": "provider[\"registry.terraform.io/hashicorp/azurerm\"]",
      "instances": [
        {
          "schema_version": 1,
          "attributes": {
            "container_access_type": "private",
            "has_immutability_policy": false,
            "has_legal_hold": false,
            "id": "https://staccnttest123.blob.core.windows.net/tf-statefile",
            "metadata": {},
            "name": "tf-statefile",
            "resource_manager_id": "/subscriptions/6c903494-a6a9-4bb5-80ad-a6b1816c67b3/resourceGroups/statestreet-rg/providers/Microsoft.Storage/storageAccounts/staccnttest123/blobServices/default/containers/tf-statefile",
            "storage_account_name": "staccnttest123",
            "timeouts": null
          },
          "sensitive_attributes": [],
          "private": "eyJlMmJmYjczMC1lY2FhLTExZTYtOGY4OC0zNDM2M2JjN2M0YzAiOnsiY3JlYXRlIjoxODAwMDAwMDAwMDAwLCJkZWxldGUiOjE4MDAwMDAwMDAwMDAsInJlYWQiOjMwMDAwMDAwMDAwMCwidXBkYXRlIjoxODAwMDAwMDAwMDAwfSwic2NoZW1hX3ZlcnNpb24iOiIxIn0=",
          "dependencies": [
            "azurerm_resource_group.example",
            "azurerm_storage_account.example"
          ]
        }
      ]
    },
    {
      "mode": "managed",
      "type": "azurerm_subnet",
      "name": "example",
      "provider": "provider[\"registry.terraform.io/hashicorp/azurerm\"]",
      "instances": [
        {
          "schema_version": 0,
          "attributes": {
            "address_prefix": "10.0.2.0/24",
            "address_prefixes": [
              "10.0.2.0/24"
            ],
            "delegation": [],
            "enforce_private_link_endpoint_network_policies": false,
            "enforce_private_link_service_network_policies": false,
            "id": "/subscriptions/6c903494-a6a9-4bb5-80ad-a6b1816c67b3/resourceGroups/statestreet-rg/providers/Microsoft.Network/virtualNetworks/statestreet-vnet/subnets/statestreet-subnet-1",
            "name": "statestreet-subnet-1",
            "resource_group_name": "statestreet-rg",
            "service_endpoint_policy_ids": [],
            "service_endpoints": [],
            "timeouts": null,
            "virtual_network_name": "statestreet-vnet"
          },
          "sensitive_attributes": [],
          "private": "eyJlMmJmYjczMC1lY2FhLTExZTYtOGY4OC0zNDM2M2JjN2M0YzAiOnsiY3JlYXRlIjoxODAwMDAwMDAwMDAwLCJkZWxldGUiOjE4MDAwMDAwMDAwMDAsInJlYWQiOjMwMDAwMDAwMDAwMCwidXBkYXRlIjoxODAwMDAwMDAwMDAwfX0=",
          "dependencies": [
            "azurerm_resource_group.example",
            "azurerm_virtual_network.example"
          ]
        }
      ]
    },
    {
      "mode": "managed",
      "type": "azurerm_virtual_network",
      "name": "example",
      "provider": "provider[\"registry.terraform.io/hashicorp/azurerm\"]",
      "instances": [
        {
          "schema_version": 0,
          "attributes": {
            "address_space": [
              "10.0.0.0/16"
            ],
            "bgp_community": "",
            "ddos_protection_plan": [],
            "dns_servers": [],
            "guid": "de46f958-241b-40da-84bc-444c2286f14e",
            "id": "/subscriptions/6c903494-a6a9-4bb5-80ad-a6b1816c67b3/resourceGroups/statestreet-rg/providers/Microsoft.Network/virtualNetworks/statestreet-vnet",
            "location": "westus",
            "name": "statestreet-vnet",
            "resource_group_name": "statestreet-rg",
            "subnet": [
              {
                "address_prefix": "10.0.2.0/24",
                "id": "/subscriptions/6c903494-a6a9-4bb5-80ad-a6b1816c67b3/resourceGroups/statestreet-rg/providers/Microsoft.Network/virtualNetworks/statestreet-vnet/subnets/statestreet-subnet-1",
                "name": "statestreet-subnet-1",
                "security_group": ""
              }
            ],
            "tags": {},
            "timeouts": null,
            "vm_protection_enabled": false
          },
          "sensitive_attributes": [],
          "private": "eyJlMmJmYjczMC1lY2FhLTExZTYtOGY4OC0zNDM2M2JjN2M0YzAiOnsiY3JlYXRlIjoxODAwMDAwMDAwMDAwLCJkZWxldGUiOjE4MDAwMDAwMDAwMDAsInJlYWQiOjMwMDAwMDAwMDAwMCwidXBkYXRlIjoxODAwMDAwMDAwMDAwfX0=",
          "dependencies": [
            "azurerm_resource_group.example"
          ]
        }
      ]
    },
    {
      "mode": "managed",
      "type": "tls_private_key",
      "name": "example_ssh",
      "provider": "provider[\"registry.terraform.io/hashicorp/tls\"]",
      "instances": [
        {
          "schema_version": 0,
          "attributes": {
            "algorithm": "RSA",
            "ecdsa_curve": "P224",
            "id": "25d0ec45753293da4e970144bdc0e263c66c4090",
            "private_key_pem": "-----BEGIN RSA PRIVATE KEY-----\nMIIJKAIBAAKCAgEAm3PJaww9iir7+zK/JrtxbPFJHJwr2b8zO8NTftRWgCUpYgIF\nykPJK6E1IU3MZ+6Ee8OdD7S9W5l+zsrPEHEVXLRAu5G019CUhVjuTD7jS1W3R/Aw\n9k0NfZ202kA/rZc6z9JlqVOjS6rmp1JEbipL3Q10V8ZH0pxFeueY/7Ml4J14k6Jz\n+Qz/N4zpm9akbMzVSpu45rXK6u7vcM/Nfld8sPrSfLdKjRHLk97krbSd3GWuGv6I\nWRpy0kSXcNXY8JHHQYECP5IgUMUlR0VHoS21auqysAmFNXplL5Pals3g4JbFdMKc\nFIFRrNeeF2NtDtJr3sKWa8B3393Ddl6V4S981P+emYx0j8sPwrAZOFbpy38ydIz5\nEivjRkoGz6CtOcLUf0SVaOoejEQQchTiaaI8fXXxCsb2wetyD/p/gRA7aMLkjpR9\nBaxflDxdEjfxaW3SDamkX37jJNMiJo28+9b5G3NZMhaPPP7+yOhA7Br/S7VC6sYs\n/S1ep0I68KP9X8D4/nb4pQWkeLdkOFhYitDFHzinVxwtJ7pcsYqxxSimmVt5mZOK\nsaYedzBHzizqY9ZE8+BPKkNGPlgaTQtSIVgREJgmMTTqBVzO89tDKVMEr7UDvD3o\nUucemyLbW3aJMhPuCOroVAfpr3CBPom/pVIVDfvBTJb9i0CRj63GnesZ0MUCAwEA\nAQKCAgAJveDSd4rnvLfbzxtRhw+dnyVQyKyq0aOZTC1QVmgxUaLdRHkuar8Rn+Gf\ne6uim7zrsJ+IG3B+bAkZVnZRdnS7QYSI/KGToLud+6u7VXmTAAUjWfcHiF6fD6IE\nx1/2NfL2kR3T1az3EfewZqRpLvdgG/a9hWx801Q7VoYtCAIIqHWk8tpHsjvQNGFz\nZakaNF/tdALLWnsj6+NPc4ZSM5NZ1+4W6LmgS4wxcRdtl1MJO8oEYQ0UYGbvrGK9\nLHmS4d/VyArnBvZFeYVTiRDrFd03nQujooUZi9kJeT+Kkc5U5L3tCkETu+LtbPm4\nR3/PHPqrlBAvInmgqtoT8et8mCg/a9wyUIIbfui9fxl5P5jksjwi8rT3z68VPfWq\n8PMfxfTSJE5XT11UQyVfjN4TEck3cHb8Mqo+jHW0HWM+iY/YQgP8wURz4CkTJKtA\nQCz8L4gByjvXHStg7QL/ZIRWJhQrxdPfQ5Op6NUDogG0X9iKGKo0yEYkt5trBMQl\nzEK+QzJCSvLL8luE+KxEVfLUiaDlYNqeLy2CzXvtzgfZwWzduSAQoo37PjGoNvrb\ngEouXH/Iw2RAvdLgr6McFBTwFDE89/RC+NnTdJLTK4gi8JwJQTEk1XPYq/vstZ5x\n/VGF+61LbYFWzKS0A8gjAQ/gifT7h/nnyfDDGzwZOdN0QJQogQKCAQEAwCc7juS7\nluXFf9p8ZwIPzl0AtSgKRNbFNONe+sODJc+v31qEs75QTupOYd0QOtCxVLWDy77q\nwRHsuwIE8tRqKl9A9oIjz3q8VaXIf+4FEOavP9Vq5KRrYWHrGs7WG4gywz6/x4G3\njiV5oWPtmVz1sV3OlYU0j78AhOEVmxkXs2Z1isn6X7+8rB2exy2kUmheHySe6tZf\nloqXwxsW2f72A2rJCZMbva+zSF06kOjK38ZTbPs/ZWLRIevnWwTH/0i6AQHdu/68\nNTmYrU35Ujvj/hhNNI/W5H76Mo9GYFO9Gy8ormytTk/OlE0BlmPyCU9anohMlLPp\nNO15j1hbEQwNYQKCAQEAzxq64mu88+Jn6W/kktVzkF5yuxYgG/nPHs48z6v1gH7p\n4P4UKh5vKldmsRyqYfr2GXoRYapVCJNW2o0ijhNq8EUNdgMJ94NWFBHMxxVCTBPd\nbqGOQHSS5gGIFgJdLqySC7EpOh0S953gso2PBXkTTnz8nq1U8SQRsN/F8NwlRnMW\nt2GJWlE8MBl4dHv2+6+n/sUp5m8nsjSBgOzGiZUtqRp8We6/OTjSc7lNyadMoBez\nA8BeLWLdcMlfsVxcdJAqokj7c6ImiP3nZ9h8MHhlKcYYS3ApveVV6y0gog0b4smH\nPN8deD7E9573AES5dy10OUq3lorkbg0mhF1NQl955QKCAQA+y1NqUhN/r50IODVZ\nUFIsBTaa/PfGIU2XCArc9hGgxKtb2W/ucW47K9TrpFuObO7WmO72IXEEIUB0qKdH\nV+VN7Y0EQelD/38WmjPYoscjC9APk0X4bEbvLxmuzBMqMisspQ/1Oc3rdRG3jTlz\nWe6sxNQjBsHzi962jfwKkHuvU/droK/ipH0a3h8qRh8iExtXIBeS9PWN88K+rtab\n7PcmjLogF+QD7CwxpM3j1z+dO2m9/qlsD4v6guY7V2eoZHLsq1hz/D4zQpxDXmzw\n08OhIP3yBGOcjmZjKXE9P4BYJuQrhDZqligTTMsNA6JwKm+ZyT8FhXnboxOLpbs0\n6fRhAoIBAQDNXPoX7zGMvOLBTZzgJRzU+XLXJVdtpkbFi0gtvZxRcIfF/OxN36Pn\n3ocL9RrW0Z4bITn/GIH9YOztBqpPK94Mpsx0SwslDmzatdPTTbdR7RjTzQtbyryn\nqrkg6fMwhxrC0UfKQm4+b6USKOC7UpXcbH+rcMEb5OJN+3cyIXos446RBPzIPGls\nYLVa/FmqtUHmlee4glxgj0QjbaZpYy3F02efXejsevXknskNvwFydk2i2KwKYVCn\nuGdVXfqn8xTzm18MCKwhh3RhOv/aqGfYBoCsvWoGzVRnQXZseoc+WQvrRmrYg5WY\n3V6cO4mVLdNjxD1L4ConHo8lDcfAmyApAoIBAHK6bgR7lYsNEsNm051ir1B8g2AD\nZR8Kp4egPrbxeGbQHoWKi4refXXwaXPfEWq5oSbMg+izWp6bnYy9J48abagjzpwI\nSqfkZGbSijLdGZsJYK1pk9UYUPKtnR8YD6rML+nu6mYI7uX1B9yuE/arNAmh4ZgV\n59rCK4/AeQSl3qlcOaJCnWSLwPRgwYKFjDi9MwFNZWAOK6k3tWVu5lngJGugqG+k\nrHf3MNUDg5GCL/zRmAdh3wSF/SYfmcS0jCgwjfszTsQLzT90H4y+zkLd/GRxFhB1\noqMjoYH5ecujrNdmvK4qwnd1MjkefBF/JxFqQsQLNMsgJHr9P6kv+dgrl8k=\n-----END RSA PRIVATE KEY-----\n",
            "public_key_fingerprint_md5": "82:c0:4c:74:2f:22:36:6d:eb:72:b3:5d:12:00:04:c2",
            "public_key_openssh": "ssh-rsa AAAAB3NzaC1yc2EAAAADAQABAAACAQCbc8lrDD2KKvv7Mr8mu3Fs8UkcnCvZvzM7w1N+1FaAJSliAgXKQ8kroTUhTcxn7oR7w50PtL1bmX7Oys8QcRVctEC7kbTX0JSFWO5MPuNLVbdH8DD2TQ19nbTaQD+tlzrP0mWpU6NLquanUkRuKkvdDXRXxkfSnEV655j/syXgnXiTonP5DP83jOmb1qRszNVKm7jmtcrq7u9wz81+V3yw+tJ8t0qNEcuT3uSttJ3cZa4a/ohZGnLSRJdw1djwkcdBgQI/kiBQxSVHRUehLbVq6rKwCYU1emUvk9qWzeDglsV0wpwUgVGs154XY20O0mvewpZrwHff3cN2XpXhL3zU/56ZjHSPyw/CsBk4VunLfzJ0jPkSK+NGSgbPoK05wtR/RJVo6h6MRBByFOJpojx9dfEKxvbB63IP+n+BEDtowuSOlH0FrF+UPF0SN/FpbdINqaRffuMk0yImjbz71vkbc1kyFo88/v7I6EDsGv9LtULqxiz9LV6nQjrwo/1fwPj+dvilBaR4t2Q4WFiK0MUfOKdXHC0nulyxirHFKKaZW3mZk4qxph53MEfOLOpj1kTz4E8qQ0Y+WBpNC1IhWBEQmCYxNOoFXM7z20MpUwSvtQO8PehS5x6bIttbdokyE+4I6uhUB+mvcIE+ib+lUhUN+8FMlv2LQJGPrcad6xnQxQ==\n",
            "public_key_pem": "-----BEGIN PUBLIC KEY-----\nMIICIjANBgkqhkiG9w0BAQEFAAOCAg8AMIICCgKCAgEAm3PJaww9iir7+zK/Jrtx\nbPFJHJwr2b8zO8NTftRWgCUpYgIFykPJK6E1IU3MZ+6Ee8OdD7S9W5l+zsrPEHEV\nXLRAu5G019CUhVjuTD7jS1W3R/Aw9k0NfZ202kA/rZc6z9JlqVOjS6rmp1JEbipL\n3Q10V8ZH0pxFeueY/7Ml4J14k6Jz+Qz/N4zpm9akbMzVSpu45rXK6u7vcM/Nfld8\nsPrSfLdKjRHLk97krbSd3GWuGv6IWRpy0kSXcNXY8JHHQYECP5IgUMUlR0VHoS21\nauqysAmFNXplL5Pals3g4JbFdMKcFIFRrNeeF2NtDtJr3sKWa8B3393Ddl6V4S98\n1P+emYx0j8sPwrAZOFbpy38ydIz5EivjRkoGz6CtOcLUf0SVaOoejEQQchTiaaI8\nfXXxCsb2wetyD/p/gRA7aMLkjpR9BaxflDxdEjfxaW3SDamkX37jJNMiJo28+9b5\nG3NZMhaPPP7+yOhA7Br/S7VC6sYs/S1ep0I68KP9X8D4/nb4pQWkeLdkOFhYitDF\nHzinVxwtJ7pcsYqxxSimmVt5mZOKsaYedzBHzizqY9ZE8+BPKkNGPlgaTQtSIVgR\nEJgmMTTqBVzO89tDKVMEr7UDvD3oUucemyLbW3aJMhPuCOroVAfpr3CBPom/pVIV\nDfvBTJb9i0CRj63GnesZ0MUCAwEAAQ==\n-----END PUBLIC KEY-----\n",
            "rsa_bits": 4096
          },
          "sensitive_attributes": [],
          "private": "bnVsbA=="
        }
      ]
    }
  ]
}
