{
  "version": 4,
  "terraform_version": "1.0.11",
  "serial": 1,
  "lineage": "391b9e45-a260-0683-f660-3018365c754b",
  "outputs": {},
  "resources": [
    {
      "module": "module.devmodule.module.devmodule",
      "mode": "managed",
      "type": "azurerm_resource_group",
      "name": "demo6",
      "provider": "provider[\"registry.terraform.io/hashicorp/azurerm\"]",
      "instances": [
        {
          "schema_version": 0,
          "attributes": {
            "id": "/subscriptions/6c903494-a6a9-4bb5-80ad-a6b1816c67b3/resourceGroups/dev-rg1",
            "location": "eastus",
            "name": "dev-rg1",
            "tags": null,
            "timeouts": null
          },
          "sensitive_attributes": [],
          "private": "eyJlMmJmYjczMC1lY2FhLTExZTYtOGY4OC0zNDM2M2JjN2M0YzAiOnsiY3JlYXRlIjo1NDAwMDAwMDAwMDAwLCJkZWxldGUiOjU0MDAwMDAwMDAwMDAsInJlYWQiOjMwMDAwMDAwMDAwMCwidXBkYXRlIjo1NDAwMDAwMDAwMDAwfX0="
        }
      ]
    },
    {
      "module": "module.prodmodule.module.prodmodule",
      "mode": "managed",
      "type": "azurerm_resource_group",
      "name": "demo6",
      "provider": "provider[\"registry.terraform.io/hashicorp/azurerm\"]",
      "instances": [
        {
          "schema_version": 0,
          "attributes": {
            "id": "/subscriptions/6c903494-a6a9-4bb5-80ad-a6b1816c67b3/resourceGroups/prod-rg1",
            "location": "eastus",
            "name": "prod-rg1",
            "tags": null,
            "timeouts": null
          },
          "sensitive_attributes": [],
          "private": "eyJlMmJmYjczMC1lY2FhLTExZTYtOGY4OC0zNDM2M2JjN2M0YzAiOnsiY3JlYXRlIjo1NDAwMDAwMDAwMDAwLCJkZWxldGUiOjU0MDAwMDAwMDAwMDAsInJlYWQiOjMwMDAwMDAwMDAwMCwidXBkYXRlIjo1NDAwMDAwMDAwMDAwfX0="
        }
      ]
    }
  ]
}
